// !$*UTF8*$!
{
	archiveVersion = 1;
	classes = {
	};
	objectVersion = 46;
	objects = {

/* Begin PBXBuildFile section */
		6D90BD331F3ADD0E00C12A70 /* AppDelegate.swift in Sources */ = {isa = PBXBuildFile; fileRef = 6D90BD321F3ADD0E00C12A70 /* AppDelegate.swift */; };
		6D90BD351F3ADD0E00C12A70 /* ViewController.swift in Sources */ = {isa = PBXBuildFile; fileRef = 6D90BD341F3ADD0E00C12A70 /* ViewController.swift */; };
		6D90BD381F3ADD0E00C12A70 /* Main.storyboard in Resources */ = {isa = PBXBuildFile; fileRef = 6D90BD361F3ADD0E00C12A70 /* Main.storyboard */; };
		6D90BD3A1F3ADD0E00C12A70 /* Assets.xcassets in Resources */ = {isa = PBXBuildFile; fileRef = 6D90BD391F3ADD0E00C12A70 /* Assets.xcassets */; };
		6D90BD3D1F3ADD0E00C12A70 /* LaunchScreen.storyboard in Resources */ = {isa = PBXBuildFile; fileRef = 6D90BD3B1F3ADD0E00C12A70 /* LaunchScreen.storyboard */; };
		6D90BD471F3AE9AC00C12A70 /* Currency.swift in Sources */ = {isa = PBXBuildFile; fileRef = 6D90BD461F3AE9AC00C12A70 /* Currency.swift */; };
		6D90BD491F3AEB8700C12A70 /* CurrencyCell.swift in Sources */ = {isa = PBXBuildFile; fileRef = 6D90BD481F3AEB8700C12A70 /* CurrencyCell.swift */; };
		6D90BD4B1F3AF79700C12A70 /* ServerLogic.swift in Sources */ = {isa = PBXBuildFile; fileRef = 6D90BD4A1F3AF79700C12A70 /* ServerLogic.swift */; };
		9974BF84F6688F223B93A699 /* Pods_HwFlagsProject.framework in Frameworks */ = {isa = PBXBuildFile; fileRef = FAADEF5DCC378D2E66EE08F8 /* Pods_HwFlagsProject.framework */; };
/* End PBXBuildFile section */

/* Begin PBXFileReference section */
		6D90BD2F1F3ADD0E00C12A70 /* HwFlagsProject.app */ = {isa = PBXFileReference; explicitFileType = wrapper.application; includeInIndex = 0; path = HwFlagsProject.app; sourceTree = BUILT_PRODUCTS_DIR; };
		6D90BD321F3ADD0E00C12A70 /* AppDelegate.swift */ = {isa = PBXFileReference; lastKnownFileType = sourcecode.swift; path = AppDelegate.swift; sourceTree = "<group>"; };
		6D90BD341F3ADD0E00C12A70 /* ViewController.swift */ = {isa = PBXFileReference; lastKnownFileType = sourcecode.swift; path = ViewController.swift; sourceTree = "<group>"; };
		6D90BD371F3ADD0E00C12A70 /* Base */ = {isa = PBXFileReference; lastKnownFileType = file.storyboard; name = Base; path = Base.lproj/Main.storyboard; sourceTree = "<group>"; };
		6D90BD391F3ADD0E00C12A70 /* Assets.xcassets */ = {isa = PBXFileReference; lastKnownFileType = folder.assetcatalog; path = Assets.xcassets; sourceTree = "<group>"; };
		6D90BD3C1F3ADD0E00C12A70 /* Base */ = {isa = PBXFileReference; lastKnownFileType = file.storyboard; name = Base; path = Base.lproj/LaunchScreen.storyboard; sourceTree = "<group>"; };
		6D90BD3E1F3ADD0E00C12A70 /* Info.plist */ = {isa = PBXFileReference; lastKnownFileType = text.plist.xml; path = Info.plist; sourceTree = "<group>"; };
		6D90BD461F3AE9AC00C12A70 /* Currency.swift */ = {isa = PBXFileReference; fileEncoding = 4; lastKnownFileType = sourcecode.swift; path = Currency.swift; sourceTree = "<group>"; };
		6D90BD481F3AEB8700C12A70 /* CurrencyCell.swift */ = {isa = PBXFileReference; fileEncoding = 4; lastKnownFileType = sourcecode.swift; path = CurrencyCell.swift; sourceTree = "<group>"; };
		6D90BD4A1F3AF79700C12A70 /* ServerLogic.swift */ = {isa = PBXFileReference; fileEncoding = 4; lastKnownFileType = sourcecode.swift; path = ServerLogic.swift; sourceTree = "<group>"; };
		A87DA0E3EE2583D1B99CB09F /* Pods-HwFlagsProject.release.xcconfig */ = {isa = PBXFileReference; includeInIndex = 1; lastKnownFileType = text.xcconfig; name = "Pods-HwFlagsProject.release.xcconfig"; path = "Pods/Target Support Files/Pods-HwFlagsProject/Pods-HwFlagsProject.release.xcconfig"; sourceTree = "<group>"; };
		E3504335A1CD708DCA4CDE5A /* Pods-HwFlagsProject.debug.xcconfig */ = {isa = PBXFileReference; includeInIndex = 1; lastKnownFileType = text.xcconfig; name = "Pods-HwFlagsProject.debug.xcconfig"; path = "Pods/Target Support Files/Pods-HwFlagsProject/Pods-HwFlagsProject.debug.xcconfig"; sourceTree = "<group>"; };
		FAADEF5DCC378D2E66EE08F8 /* Pods_HwFlagsProject.framework */ = {isa = PBXFileReference; explicitFileType = wrapper.framework; includeInIndex = 0; path = Pods_HwFlagsProject.framework; sourceTree = BUILT_PRODUCTS_DIR; };
/* End PBXFileReference section */

/* Begin PBXFrameworksBuildPhase section */
		6D90BD2C1F3ADD0E00C12A70 /* Frameworks */ = {
			isa = PBXFrameworksBuildPhase;
			buildActionMask = 2147483647;
			files = (
				9974BF84F6688F223B93A699 /* Pods_HwFlagsProject.framework in Frameworks */,
			);
			runOnlyForDeploymentPostprocessing = 0;
		};
/* End PBXFrameworksBuildPhase section */

/* Begin PBXGroup section */
		39CBE75859B919D5BB8EC7C4 /* Pods */ = {
			isa = PBXGroup;
			children = (
				E3504335A1CD708DCA4CDE5A /* Pods-HwFlagsProject.debug.xcconfig */,
				A87DA0E3EE2583D1B99CB09F /* Pods-HwFlagsProject.release.xcconfig */,
			);
			name = Pods;
			sourceTree = "<group>";
		};
		40FA4B4684DC37A79FDC9DEC /* Frameworks */ = {
			isa = PBXGroup;
			children = (
				FAADEF5DCC378D2E66EE08F8 /* Pods_HwFlagsProject.framework */,
			);
			name = Frameworks;
			sourceTree = "<group>";
		};
		6D90BD261F3ADD0E00C12A70 = {
			isa = PBXGroup;
			children = (
				6D90BD311F3ADD0E00C12A70 /* HwFlagsProject */,
				6D90BD301F3ADD0E00C12A70 /* Products */,
				39CBE75859B919D5BB8EC7C4 /* Pods */,
				40FA4B4684DC37A79FDC9DEC /* Frameworks */,
			);
			sourceTree = "<group>";
		};
		6D90BD301F3ADD0E00C12A70 /* Products */ = {
			isa = PBXGroup;
			children = (
				6D90BD2F1F3ADD0E00C12A70 /* HwFlagsProject.app */,
			);
			name = Products;
			sourceTree = "<group>";
		};
		6D90BD311F3ADD0E00C12A70 /* HwFlagsProject */ = {
			isa = PBXGroup;
			children = (
				6D90BD451F3AE98000C12A70 /* View */,
				6D90BD441F3AE97200C12A70 /* Model */,
				6D90BD321F3ADD0E00C12A70 /* AppDelegate.swift */,
				6D90BD341F3ADD0E00C12A70 /* ViewController.swift */,
				6D90BD361F3ADD0E00C12A70 /* Main.storyboard */,
				6D90BD391F3ADD0E00C12A70 /* Assets.xcassets */,
				6D90BD3B1F3ADD0E00C12A70 /* LaunchScreen.storyboard */,
				6D90BD3E1F3ADD0E00C12A70 /* Info.plist */,
			);
			path = HwFlagsProject;
			sourceTree = "<group>";
		};
		6D90BD441F3AE97200C12A70 /* Model */ = {
			isa = PBXGroup;
			children = (
				6D90BD461F3AE9AC00C12A70 /* Currency.swift */,
				6D90BD4A1F3AF79700C12A70 /* ServerLogic.swift */,
			);
			name = Model;
			sourceTree = "<group>";
		};
		6D90BD451F3AE98000C12A70 /* View */ = {
			isa = PBXGroup;
			children = (
				6D90BD481F3AEB8700C12A70 /* CurrencyCell.swift */,
			);
			name = View;
			sourceTree = "<group>";
		};
/* End PBXGroup section */

/* Begin PBXNativeTarget section */
		6D90BD2E1F3ADD0E00C12A70 /* HwFlagsProject */ = {
			isa = PBXNativeTarget;
			buildConfigurationList = 6D90BD411F3ADD0E00C12A70 /* Build configuration list for PBXNativeTarget "HwFlagsProject" */;
			buildPhases = (
				8715C4B3E10443365E29C137 /* [CP] Check Pods Manifest.lock */,
				6D90BD2B1F3ADD0E00C12A70 /* Sources */,
				6D90BD2C1F3ADD0E00C12A70 /* Frameworks */,
				6D90BD2D1F3ADD0E00C12A70 /* Resources */,
				BDAC843BFD6AB10DC2746803 /* [CP] Embed Pods Frameworks */,
				236350876A0934D97ECE9458 /* [CP] Copy Pods Resources */,
			);
			buildRules = (
			);
			dependencies = (
			);
			name = HwFlagsProject;
			productName = HwFlagsProject;
			productReference = 6D90BD2F1F3ADD0E00C12A70 /* HwFlagsProject.app */;
			productType = "com.apple.product-type.application";
		};
/* End PBXNativeTarget section */

/* Begin PBXProject section */
		6D90BD271F3ADD0E00C12A70 /* Project object */ = {
			isa = PBXProject;
			attributes = {
				LastSwiftUpdateCheck = 0830;
				LastUpgradeCheck = 0830;
				ORGANIZATIONNAME = com.hackeru;
				TargetAttributes = {
					6D90BD2E1F3ADD0E00C12A70 = {
						CreatedOnToolsVersion = 8.3.3;
						ProvisioningStyle = Automatic;
					};
				};
			};
			buildConfigurationList = 6D90BD2A1F3ADD0E00C12A70 /* Build configuration list for PBXProject "HwFlagsProject" */;
			compatibilityVersion = "Xcode 3.2";
			developmentRegion = English;
			hasScannedForEncodings = 0;
			knownRegions = (
				en,
				Base,
			);
			mainGroup = 6D90BD261F3ADD0E00C12A70;
			productRefGroup = 6D90BD301F3ADD0E00C12A70 /* Products */;
			projectDirPath = "";
			projectRoot = "";
			targets = (
				6D90BD2E1F3ADD0E00C12A70 /* HwFlagsProject */,
			);
		};
/* End PBXProject section */

/* Begin PBXResourcesBuildPhase section */
		6D90BD2D1F3ADD0E00C12A70 /* Resources */ = {
			isa = PBXResourcesBuildPhase;
			buildActionMask = 2147483647;
			files = (
				6D90BD3D1F3ADD0E00C12A70 /* LaunchScreen.storyboard in Resources */,
				6D90BD3A1F3ADD0E00C12A70 /* Assets.xcassets in Resources */,
				6D90BD381F3ADD0E00C12A70 /* Main.storyboard in Resources */,
			);
			runOnlyForDeploymentPostprocessing = 0;
		};
/* End PBXResourcesBuildPhase section */

/* Begin PBXShellScriptBuildPhase section */
		236350876A0934D97ECE9458 /* [CP] Copy Pods Resources */ = {
			isa = PBXShellScriptBuildPhase;
			buildActionMask = 2147483647;
			files = (
			);
			inputPaths = (
			);
			name = "[CP] Copy Pods Resources";
			outputPaths = (
			);
			runOnlyForDeploymentPostprocessing = 0;
			shellPath = /bin/sh;
			shellScript = "\"${SRCROOT}/Pods/Target Support Files/Pods-HwFlagsProject/Pods-HwFlagsProject-resources.sh\"\n";
			showEnvVarsInLog = 0;
		};
		8715C4B3E10443365E29C137 /* [CP] Check Pods Manifest.lock */ = {
			isa = PBXShellScriptBuildPhase;
			buildActionMask = 2147483647;
			files = (
			);
			inputPaths = (
			);
			name = "[CP] Check Pods Manifest.lock";
			outputPaths = (
			);
			runOnlyForDeploymentPostprocessing = 0;
			shellPath = /bin/sh;
			shellScript = "diff \"${PODS_PODFILE_DIR_PATH}/Podfile.lock\" \"${PODS_ROOT}/Manifest.lock\" > /dev/null\nif [ $? != 0 ] ; then\n    # print error to STDERR\n    echo \"error: The sandbox is not in sync with the Podfile.lock. Run 'pod install' or update your CocoaPods installation.\" >&2\n    exit 1\nfi\n";
			showEnvVarsInLog = 0;
		};
		BDAC843BFD6AB10DC2746803 /* [CP] Embed Pods Frameworks */ = {
			isa = PBXShellScriptBuildPhase;
			buildActionMask = 2147483647;
			files = (
			);
			inputPaths = (
			);
			name = "[CP] Embed Pods Frameworks";
			outputPaths = (
			);
			runOnlyForDeploymentPostprocessing = 0;
			shellPath = /bin/sh;
			shellScript = "\"${SRCROOT}/Pods/Target Support Files/Pods-HwFlagsProject/Pods-HwFlagsProject-frameworks.sh\"\n";
			showEnvVarsInLog = 0;
		};
/* End PBXShellScriptBuildPhase section */

/* Begin PBXSourcesBuildPhase section */
		6D90BD2B1F3ADD0E00C12A70 /* Sources */ = {
			isa = PBXSourcesBuildPhase;
			buildActionMask = 2147483647;
			files = (
				6D90BD491F3AEB8700C12A70 /* CurrencyCell.swift in Sources */,
				6D90BD471F3AE9AC00C12A70 /* Currency.swift in Sources */,
				6D90BD351F3ADD0E00C12A70 /* ViewController.swift in Sources */,
				6D90BD4B1F3AF79700C12A70 /* ServerLogic.swift in Sources */,
				6D90BD331F3ADD0E00C12A70 /* AppDelegate.swift in Sources */,
			);
			runOnlyForDeploymentPostprocessing = 0;
		};
/* End PBXSourcesBuildPhase section */

/* Begin PBXVariantGroup section */
		6D90BD361F3ADD0E00C12A70 /* Main.storyboard */ = {
			isa = PBXVariantGroup;
			children = (
				6D90BD371F3ADD0E00C12A70 /* Base */,
			);
			name = Main.storyboard;
			sourceTree = "<group>";
		};
		6D90BD3B1F3ADD0E00C12A70 /* LaunchScreen.storyboard */ = {
			isa = PBXVariantGroup;
			children = (
				6D90BD3C1F3ADD0E00C12A70 /* Base */,
			);
			name = LaunchScreen.storyboard;
			sourceTree = "<group>";
		};
/* End PBXVariantGroup section */

/* Begin XCBuildConfiguration section */
		6D90BD3F1F3ADD0E00C12A70 /* Debug */ = {
			isa = XCBuildConfiguration;
			buildSettings = {
				ALWAYS_SEARCH_USER_PATHS = NO;
				CLANG_ANALYZER_NONNULL = YES;
				CLANG_ANALYZER_NUMBER_OBJECT_CONVERSION = YES_AGGRESSIVE;
				CLANG_CXX_LANGUAGE_STANDARD = "gnu++0x";
				CLANG_CXX_LIBRARY = "libc++";
				CLANG_ENABLE_MODULES = YES;
				CLANG_ENABLE_OBJC_ARC = YES;
				CLANG_WARN_BOOL_CONVERSION = YES;
				CLANG_WARN_CONSTANT_CONVERSION = YES;
				CLANG_WARN_DIRECT_OBJC_ISA_USAGE = YES_ERROR;
				CLANG_WARN_DOCUMENTATION_COMMENTS = YES;
				CLANG_WARN_EMPTY_BODY = YES;
				CLANG_WARN_ENUM_CONVERSION = YES;
				CLANG_WARN_INFINITE_RECURSION = YES;
				CLANG_WARN_INT_CONVERSION = YES;
				CLANG_WARN_OBJC_ROOT_CLASS = YES_ERROR;
				CLANG_WARN_SUSPICIOUS_MOVE = YES;
				CLANG_WARN_UNREACHABLE_CODE = YES;
				CLANG_WARN__DUPLICATE_METHOD_MATCH = YES;
				"CODE_SIGN_IDENTITY[sdk=iphoneos*]" = "iPhone Developer";
				COPY_PHASE_STRIP = NO;
				DEBUG_INFORMATION_FORMAT = dwarf;
				ENABLE_STRICT_OBJC_MSGSEND = YES;
				ENABLE_TESTABILITY = YES;
				GCC_C_LANGUAGE_STANDARD = gnu99;
				GCC_DYNAMIC_NO_PIC = NO;
				GCC_NO_COMMON_BLOCKS = YES;
				GCC_OPTIMIZATION_LEVEL = 0;
				GCC_PREPROCESSOR_DEFINITIONS = (
					"DEBUG=1",
					"$(inherited)",
				);
				GCC_WARN_64_TO_32_BIT_CONVERSION = YES;
				GCC_WARN_ABOUT_RETURN_TYPE = YES_ERROR;
				GCC_WARN_UNDECLARED_SELECTOR = YES;
				GCC_WARN_UNINITIALIZED_AUTOS = YES_AGGRESSIVE;
				GCC_WARN_UNUSED_FUNCTION = YES;
				GCC_WARN_UNUSED_VARIABLE = YES;
				IPHONEOS_DEPLOYMENT_TARGET = 10.3;
				MTL_ENABLE_DEBUG_INFO = YES;
				ONLY_ACTIVE_ARCH = YES;
				SDKROOT = iphoneos;
				SWIFT_ACTIVE_COMPILATION_CONDITIONS = DEBUG;
				SWIFT_OPTIMIZATION_LEVEL = "-Onone";
			};
			name = Debug;
		};
		6D90BD401F3ADD0E00C12A70 /* Release */ = {
			isa = XCBuildConfiguration;
			buildSettings = {
				ALWAYS_SEARCH_USER_PATHS = NO;
				CLANG_ANALYZER_NONNULL = YES;
				CLANG_ANALYZER_NUMBER_OBJECT_CONVERSION = YES_AGGRESSIVE;
				CLANG_CXX_LANGUAGE_STANDARD = "gnu++0x";
				CLANG_CXX_LIBRARY = "libc++";
				CLANG_ENABLE_MODULES = YES;
				CLANG_ENABLE_OBJC_ARC = YES;
				CLANG_WARN_BOOL_CONVERSION = YES;
				CLANG_WARN_CONSTANT_CONVERSION = YES;
				CLANG_WARN_DIRECT_OBJC_ISA_USAGE = YES_ERROR;
				CLANG_WARN_DOCUMENTATION_COMMENTS = YES;
				CLANG_WARN_EMPTY_BODY = YES;
				CLANG_WARN_ENUM_CONVERSION = YES;
				CLANG_WARN_INFINITE_RECURSION = YES;
				CLANG_WARN_INT_CONVERSION = YES;
				CLANG_WARN_OBJC_ROOT_CLASS = YES_ERROR;
				CLANG_WARN_SUSPICIOUS_MOVE = YES;
				CLANG_WARN_UNREACHABLE_CODE = YES;
				CLANG_WARN__DUPLICATE_METHOD_MATCH = YES;
				"CODE_SIGN_IDENTITY[sdk=iphoneos*]" = "iPhone Developer";
				COPY_PHASE_STRIP = NO;
				DEBUG_INFORMATION_FORMAT = "dwarf-with-dsym";
				ENABLE_NS_ASSERTIONS = NO;
				ENABLE_STRICT_OBJC_MSGSEND = YES;
				GCC_C_LANGUAGE_STANDARD = gnu99;
				GCC_NO_COMMON_BLOCKS = YES;
				GCC_WARN_64_TO_32_BIT_CONVERSION = YES;
				GCC_WARN_ABOUT_RETURN_TYPE = YES_ERROR;
				GCC_WARN_UNDECLARED_SELECTOR = YES;
				GCC_WARN_UNINITIALIZED_AUTOS = YES_AGGRESSIVE;
				GCC_WARN_UNUSED_FUNCTION = YES;
				GCC_WARN_UNUSED_VARIABLE = YES;
				IPHONEOS_DEPLOYMENT_TARGET = 10.3;
				MTL_ENABLE_DEBUG_INFO = NO;
				SDKROOT = iphoneos;
				SWIFT_OPTIMIZATION_LEVEL = "-Owholemodule";
				VALIDATE_PRODUCT = YES;
			};
			name = Release;
		};
		6D90BD421F3ADD0E00C12A70 /* Debug */ = {
			isa = XCBuildConfiguration;
			baseConfigurationReference = E3504335A1CD708DCA4CDE5A /* Pods-HwFlagsProject.debug.xcconfig */;
			buildSettings = {
				ASSETCATALOG_COMPILER_APPICON_NAME = AppIcon;
				INFOPLIST_FILE = HwFlagsProject/Info.plist;
				LD_RUNPATH_SEARCH_PATHS = "$(inherited) @executable_path/Frameworks";
				PRODUCT_BUNDLE_IDENTIFIER = com.hackeru.HwFlagsProject;
				PRODUCT_NAME = "$(TARGET_NAME)";
				SWIFT_VERSION = 3.0;
			};
			name = Debug;
		};
		6D90BD431F3ADD0E00C12A70 /* Release */ = {
			isa = XCBuildConfiguration;
			baseConfigurationReference = A87DA0E3EE2583D1B99CB09F /* Pods-HwFlagsProject.release.xcconfig */;
			buildSettings = {
				ASSETCATALOG_COMPILER_APPICON_NAME = AppIcon;
				INFOPLIST_FILE = HwFlagsProject/Info.plist;
				LD_RUNPATH_SEARCH_PATHS = "$(inherited) @executable_path/Frameworks";
				PRODUCT_BUNDLE_IDENTIFIER = com.hackeru.HwFlagsProject;
				PRODUCT_NAME = "$(TARGET_NAME)";
				SWIFT_VERSION = 3.0;
			};
			name = Release;
		};
/* End XCBuildConfiguration section */

/* Begin XCConfigurationList section */
		6D90BD2A1F3ADD0E00C12A70 /* Build configuration list for PBXProject "HwFlagsProject" */ = {
			isa = XCConfigurationList;
			buildConfigurations = (
				6D90BD3F1F3ADD0E00C12A70 /* Debug */,
				6D90BD401F3ADD0E00C12A70 /* Release */,
			);
			defaultConfigurationIsVisible = 0;
			defaultConfigurationName = Release;
		};
		6D90BD411F3ADD0E00C12A70 /* Build configuration list for PBXNativeTarget "HwFlagsProject" */ = {
			isa = XCConfigurationList;
			buildConfigurations = (
				6D90BD421F3ADD0E00C12A70 /* Debug */,
				6D90BD431F3ADD0E00C12A70 /* Release */,
			);
			defaultConfigurationIsVisible = 0;
			defaultConfigurationName = Release;
		};
/* End XCConfigurationList section */
	};
	rootObject = 6D90BD271F3ADD0E00C12A70 /* Project object */;
}
