// !$*UTF8*$!
{
	archiveVersion = 1;
	classes = {
	};
	objectVersion = 46;
	objects = {

/* Begin PBXBuildFile section */
		5B3AD72C1F5466840090DFEF /* UserCell.swift in Sources */ = {isa = PBXBuildFile; fileRef = 5B3AD72B1F5466840090DFEF /* UserCell.swift */; };
		5BB151721F588A9200DCBE09 /* MessageUI.framework in Frameworks */ = {isa = PBXBuildFile; fileRef = 5BB151711F588A9200DCBE09 /* MessageUI.framework */; };
		6D29B4E11F56C6C100AC0178 /* DetailsViewController.swift in Sources */ = {isa = PBXBuildFile; fileRef = 6D29B4E01F56C6C100AC0178 /* DetailsViewController.swift */; };
		6D29B4E31F56C6D700AC0178 /* SettingsViewController.swift in Sources */ = {isa = PBXBuildFile; fileRef = 6D29B4E21F56C6D700AC0178 /* SettingsViewController.swift */; };
		6D9B199A1F56FA3700A02CE1 /* Utils.swift in Sources */ = {isa = PBXBuildFile; fileRef = 6D9B19991F56FA3700A02CE1 /* Utils.swift */; };
		6DBEE5BF1F52E762002CEC65 /* AppDelegate.swift in Sources */ = {isa = PBXBuildFile; fileRef = 6DBEE5BE1F52E762002CEC65 /* AppDelegate.swift */; };
		6DBEE5C41F52E762002CEC65 /* Main.storyboard in Resources */ = {isa = PBXBuildFile; fileRef = 6DBEE5C21F52E762002CEC65 /* Main.storyboard */; };
		6DBEE5C61F52E762002CEC65 /* Assets.xcassets in Resources */ = {isa = PBXBuildFile; fileRef = 6DBEE5C51F52E762002CEC65 /* Assets.xcassets */; };
		6DBEE5C91F52E762002CEC65 /* LaunchScreen.storyboard in Resources */ = {isa = PBXBuildFile; fileRef = 6DBEE5C71F52E762002CEC65 /* LaunchScreen.storyboard */; };
		6DBEE5D21F52F580002CEC65 /* GalleryViewController.swift in Sources */ = {isa = PBXBuildFile; fileRef = 6DBEE5D11F52F580002CEC65 /* GalleryViewController.swift */; };
		6DBEE5D51F52F606002CEC65 /* APIManager.swift in Sources */ = {isa = PBXBuildFile; fileRef = 6DBEE5D41F52F606002CEC65 /* APIManager.swift */; };
		6DBEE5D71F52FBEF002CEC65 /* User.swift in Sources */ = {isa = PBXBuildFile; fileRef = 6DBEE5D61F52FBEF002CEC65 /* User.swift */; };
		B2C047AC1F5C11A7003CE0A7 /* Settings.swift in Sources */ = {isa = PBXBuildFile; fileRef = B2C047AB1F5C11A7003CE0A7 /* Settings.swift */; };
		C57AA80075752B8A236B70B6 /* Pods_RandomUserProject.framework in Frameworks */ = {isa = PBXBuildFile; fileRef = 8F62B4D3BF4B7BB0EE3D6D64 /* Pods_RandomUserProject.framework */; };
/* End PBXBuildFile section */

/* Begin PBXFileReference section */
		423AE6CD1D6B0AA6908027BD /* Pods-RandomUserProject.release.xcconfig */ = {isa = PBXFileReference; includeInIndex = 1; lastKnownFileType = text.xcconfig; name = "Pods-RandomUserProject.release.xcconfig"; path = "Pods/Target Support Files/Pods-RandomUserProject/Pods-RandomUserProject.release.xcconfig"; sourceTree = "<group>"; };
		5B3AD72B1F5466840090DFEF /* UserCell.swift */ = {isa = PBXFileReference; fileEncoding = 4; lastKnownFileType = sourcecode.swift; path = UserCell.swift; sourceTree = "<group>"; };
		5BB151711F588A9200DCBE09 /* MessageUI.framework */ = {isa = PBXFileReference; lastKnownFileType = wrapper.framework; name = MessageUI.framework; path = System/Library/Frameworks/MessageUI.framework; sourceTree = SDKROOT; };
		6D29B4E01F56C6C100AC0178 /* DetailsViewController.swift */ = {isa = PBXFileReference; fileEncoding = 4; lastKnownFileType = sourcecode.swift; path = DetailsViewController.swift; sourceTree = "<group>"; };
		6D29B4E21F56C6D700AC0178 /* SettingsViewController.swift */ = {isa = PBXFileReference; fileEncoding = 4; lastKnownFileType = sourcecode.swift; path = SettingsViewController.swift; sourceTree = "<group>"; };
		6D9B19991F56FA3700A02CE1 /* Utils.swift */ = {isa = PBXFileReference; fileEncoding = 4; lastKnownFileType = sourcecode.swift; path = Utils.swift; sourceTree = "<group>"; };
		6DBEE5BB1F52E762002CEC65 /* RandomUserProject.app */ = {isa = PBXFileReference; explicitFileType = wrapper.application; includeInIndex = 0; path = RandomUserProject.app; sourceTree = BUILT_PRODUCTS_DIR; };
		6DBEE5BE1F52E762002CEC65 /* AppDelegate.swift */ = {isa = PBXFileReference; lastKnownFileType = sourcecode.swift; path = AppDelegate.swift; sourceTree = "<group>"; };
		6DBEE5C31F52E762002CEC65 /* Base */ = {isa = PBXFileReference; lastKnownFileType = file.storyboard; name = Base; path = Base.lproj/Main.storyboard; sourceTree = "<group>"; };
		6DBEE5C51F52E762002CEC65 /* Assets.xcassets */ = {isa = PBXFileReference; lastKnownFileType = folder.assetcatalog; path = Assets.xcassets; sourceTree = "<group>"; };
		6DBEE5C81F52E762002CEC65 /* Base */ = {isa = PBXFileReference; lastKnownFileType = file.storyboard; name = Base; path = Base.lproj/LaunchScreen.storyboard; sourceTree = "<group>"; };
		6DBEE5CA1F52E762002CEC65 /* Info.plist */ = {isa = PBXFileReference; lastKnownFileType = text.plist.xml; path = Info.plist; sourceTree = "<group>"; };
		6DBEE5D11F52F580002CEC65 /* GalleryViewController.swift */ = {isa = PBXFileReference; fileEncoding = 4; lastKnownFileType = sourcecode.swift; path = GalleryViewController.swift; sourceTree = "<group>"; };
		6DBEE5D41F52F606002CEC65 /* APIManager.swift */ = {isa = PBXFileReference; fileEncoding = 4; lastKnownFileType = sourcecode.swift; path = APIManager.swift; sourceTree = "<group>"; };
		6DBEE5D61F52FBEF002CEC65 /* User.swift */ = {isa = PBXFileReference; fileEncoding = 4; lastKnownFileType = sourcecode.swift; path = User.swift; sourceTree = "<group>"; };
		803E4AB661C97279A357CCA9 /* Pods-RandomUserProject.debug.xcconfig */ = {isa = PBXFileReference; includeInIndex = 1; lastKnownFileType = text.xcconfig; name = "Pods-RandomUserProject.debug.xcconfig"; path = "Pods/Target Support Files/Pods-RandomUserProject/Pods-RandomUserProject.debug.xcconfig"; sourceTree = "<group>"; };
		8F62B4D3BF4B7BB0EE3D6D64 /* Pods_RandomUserProject.framework */ = {isa = PBXFileReference; explicitFileType = wrapper.framework; includeInIndex = 0; path = Pods_RandomUserProject.framework; sourceTree = BUILT_PRODUCTS_DIR; };
		B2C047AB1F5C11A7003CE0A7 /* Settings.swift */ = {isa = PBXFileReference; fileEncoding = 4; lastKnownFileType = sourcecode.swift; path = Settings.swift; sourceTree = "<group>"; };
/* End PBXFileReference section */

/* Begin PBXFrameworksBuildPhase section */
		6DBEE5B81F52E762002CEC65 /* Frameworks */ = {
			isa = PBXFrameworksBuildPhase;
			buildActionMask = 2147483647;
			files = (
				5BB151721F588A9200DCBE09 /* MessageUI.framework in Frameworks */,
				C57AA80075752B8A236B70B6 /* Pods_RandomUserProject.framework in Frameworks */,
			);
			runOnlyForDeploymentPostprocessing = 0;
		};
/* End PBXFrameworksBuildPhase section */

/* Begin PBXGroup section */
		2630547DBFADC73548FF19F3 /* Pods */ = {
			isa = PBXGroup;
			children = (
				803E4AB661C97279A357CCA9 /* Pods-RandomUserProject.debug.xcconfig */,
				423AE6CD1D6B0AA6908027BD /* Pods-RandomUserProject.release.xcconfig */,
			);
			name = Pods;
			sourceTree = "<group>";
		};
		5B3AD72A1F5466440090DFEF /* View */ = {
			isa = PBXGroup;
			children = (
				5B3AD72B1F5466840090DFEF /* UserCell.swift */,
			);
			name = View;
			sourceTree = "<group>";
		};
		6DBEE5B21F52E762002CEC65 = {
			isa = PBXGroup;
			children = (
				6DBEE5BD1F52E762002CEC65 /* RandomUserProject */,
				6DBEE5BC1F52E762002CEC65 /* Products */,
				2630547DBFADC73548FF19F3 /* Pods */,
				CCD08ED3AA7A4B89BDABEFB7 /* Frameworks */,
			);
			sourceTree = "<group>";
		};
		6DBEE5BC1F52E762002CEC65 /* Products */ = {
			isa = PBXGroup;
			children = (
				6DBEE5BB1F52E762002CEC65 /* RandomUserProject.app */,
			);
			name = Products;
			sourceTree = "<group>";
		};
		6DBEE5BD1F52E762002CEC65 /* RandomUserProject */ = {
			isa = PBXGroup;
			children = (
				5B3AD72A1F5466440090DFEF /* View */,
				6DBEE5D31F52F5D6002CEC65 /* Controller */,
				6DBEE5D01F52F553002CEC65 /* Model */,
				6DBEE5BE1F52E762002CEC65 /* AppDelegate.swift */,
				6DBEE5C21F52E762002CEC65 /* Main.storyboard */,
				6DBEE5C51F52E762002CEC65 /* Assets.xcassets */,
				6DBEE5C71F52E762002CEC65 /* LaunchScreen.storyboard */,
				6DBEE5CA1F52E762002CEC65 /* Info.plist */,
			);
			path = RandomUserProject;
			sourceTree = "<group>";
		};
		6DBEE5D01F52F553002CEC65 /* Model */ = {
			isa = PBXGroup;
			children = (
				6DBEE5D41F52F606002CEC65 /* APIManager.swift */,
				6DBEE5D61F52FBEF002CEC65 /* User.swift */,
				6D9B19991F56FA3700A02CE1 /* Utils.swift */,
				B2C047AB1F5C11A7003CE0A7 /* Settings.swift */,
			);
			name = Model;
			sourceTree = "<group>";
		};
		6DBEE5D31F52F5D6002CEC65 /* Controller */ = {
			isa = PBXGroup;
			children = (
				6DBEE5D11F52F580002CEC65 /* GalleryViewController.swift */,
				6D29B4E01F56C6C100AC0178 /* DetailsViewController.swift */,
				6D29B4E21F56C6D700AC0178 /* SettingsViewController.swift */,
			);
			name = Controller;
			sourceTree = "<group>";
		};
		CCD08ED3AA7A4B89BDABEFB7 /* Frameworks */ = {
			isa = PBXGroup;
			children = (
				5BB151711F588A9200DCBE09 /* MessageUI.framework */,
				8F62B4D3BF4B7BB0EE3D6D64 /* Pods_RandomUserProject.framework */,
			);
			name = Frameworks;
			sourceTree = "<group>";
		};
/* End PBXGroup section */

/* Begin PBXNativeTarget section */
		6DBEE5BA1F52E762002CEC65 /* RandomUserProject */ = {
			isa = PBXNativeTarget;
			buildConfigurationList = 6DBEE5CD1F52E762002CEC65 /* Build configuration list for PBXNativeTarget "RandomUserProject" */;
			buildPhases = (
				26F722F4F9988EE31126EC1F /* [CP] Check Pods Manifest.lock */,
				6DBEE5B71F52E762002CEC65 /* Sources */,
				6DBEE5B81F52E762002CEC65 /* Frameworks */,
				6DBEE5B91F52E762002CEC65 /* Resources */,
				75A95B424741A611F69BEC13 /* [CP] Embed Pods Frameworks */,
				2CEDDA3AB585D10B250D1251 /* [CP] Copy Pods Resources */,
			);
			buildRules = (
			);
			dependencies = (
			);
			name = RandomUserProject;
			productName = RandomUserProject;
			productReference = 6DBEE5BB1F52E762002CEC65 /* RandomUserProject.app */;
			productType = "com.apple.product-type.application";
		};
/* End PBXNativeTarget section */

/* Begin PBXProject section */
		6DBEE5B31F52E762002CEC65 /* Project object */ = {
			isa = PBXProject;
			attributes = {
				LastSwiftUpdateCheck = 0830;
				LastUpgradeCheck = 0830;
				ORGANIZATIONNAME = leah.eini;
				TargetAttributes = {
					6DBEE5BA1F52E762002CEC65 = {
						CreatedOnToolsVersion = 8.3.3;
						ProvisioningStyle = Automatic;
					};
				};
			};
			buildConfigurationList = 6DBEE5B61F52E762002CEC65 /* Build configuration list for PBXProject "RandomUserProject" */;
			compatibilityVersion = "Xcode 3.2";
			developmentRegion = English;
			hasScannedForEncodings = 0;
			knownRegions = (
				en,
				Base,
			);
			mainGroup = 6DBEE5B21F52E762002CEC65;
			productRefGroup = 6DBEE5BC1F52E762002CEC65 /* Products */;
			projectDirPath = "";
			projectRoot = "";
			targets = (
				6DBEE5BA1F52E762002CEC65 /* RandomUserProject */,
			);
		};
/* End PBXProject section */

/* Begin PBXResourcesBuildPhase section */
		6DBEE5B91F52E762002CEC65 /* Resources */ = {
			isa = PBXResourcesBuildPhase;
			buildActionMask = 2147483647;
			files = (
				6DBEE5C91F52E762002CEC65 /* LaunchScreen.storyboard in Resources */,
				6DBEE5C61F52E762002CEC65 /* Assets.xcassets in Resources */,
				6DBEE5C41F52E762002CEC65 /* Main.storyboard in Resources */,
			);
			runOnlyForDeploymentPostprocessing = 0;
		};
/* End PBXResourcesBuildPhase section */

/* Begin PBXShellScriptBuildPhase section */
		26F722F4F9988EE31126EC1F /* [CP] Check Pods Manifest.lock */ = {
			isa = PBXShellScriptBuildPhase;
			buildActionMask = 2147483647;
			files = (
			);
			inputPaths = (
			);
			name = "[CP] Check Pods Manifest.lock";
			outputPaths = (
			);
			runOnlyForDeploymentPostprocessing = 0;
			shellPath = /bin/sh;
			shellScript = "diff \"${PODS_PODFILE_DIR_PATH}/Podfile.lock\" \"${PODS_ROOT}/Manifest.lock\" > /dev/null\nif [ $? != 0 ] ; then\n    # print error to STDERR\n    echo \"error: The sandbox is not in sync with the Podfile.lock. Run 'pod install' or update your CocoaPods installation.\" >&2\n    exit 1\nfi\n";
			showEnvVarsInLog = 0;
		};
		2CEDDA3AB585D10B250D1251 /* [CP] Copy Pods Resources */ = {
			isa = PBXShellScriptBuildPhase;
			buildActionMask = 2147483647;
			files = (
			);
			inputPaths = (
			);
			name = "[CP] Copy Pods Resources";
			outputPaths = (
			);
			runOnlyForDeploymentPostprocessing = 0;
			shellPath = /bin/sh;
			shellScript = "\"${SRCROOT}/Pods/Target Support Files/Pods-RandomUserProject/Pods-RandomUserProject-resources.sh\"\n";
			showEnvVarsInLog = 0;
		};
		75A95B424741A611F69BEC13 /* [CP] Embed Pods Frameworks */ = {
			isa = PBXShellScriptBuildPhase;
			buildActionMask = 2147483647;
			files = (
			);
			inputPaths = (
			);
			name = "[CP] Embed Pods Frameworks";
			outputPaths = (
			);
			runOnlyForDeploymentPostprocessing = 0;
			shellPath = /bin/sh;
			shellScript = "\"${SRCROOT}/Pods/Target Support Files/Pods-RandomUserProject/Pods-RandomUserProject-frameworks.sh\"\n";
			showEnvVarsInLog = 0;
		};
/* End PBXShellScriptBuildPhase section */

/* Begin PBXSourcesBuildPhase section */
		6DBEE5B71F52E762002CEC65 /* Sources */ = {
			isa = PBXSourcesBuildPhase;
			buildActionMask = 2147483647;
			files = (
				6DBEE5D71F52FBEF002CEC65 /* User.swift in Sources */,
				6DBEE5D51F52F606002CEC65 /* APIManager.swift in Sources */,
				6D29B4E31F56C6D700AC0178 /* SettingsViewController.swift in Sources */,
				6DBEE5BF1F52E762002CEC65 /* AppDelegate.swift in Sources */,
				5B3AD72C1F5466840090DFEF /* UserCell.swift in Sources */,
				6DBEE5D21F52F580002CEC65 /* GalleryViewController.swift in Sources */,
				B2C047AC1F5C11A7003CE0A7 /* Settings.swift in Sources */,
				6D29B4E11F56C6C100AC0178 /* DetailsViewController.swift in Sources */,
				6D9B199A1F56FA3700A02CE1 /* Utils.swift in Sources */,
			);
			runOnlyForDeploymentPostprocessing = 0;
		};
/* End PBXSourcesBuildPhase section */

/* Begin PBXVariantGroup section */
		6DBEE5C21F52E762002CEC65 /* Main.storyboard */ = {
			isa = PBXVariantGroup;
			children = (
				6DBEE5C31F52E762002CEC65 /* Base */,
			);
			name = Main.storyboard;
			sourceTree = "<group>";
		};
		6DBEE5C71F52E762002CEC65 /* LaunchScreen.storyboard */ = {
			isa = PBXVariantGroup;
			children = (
				6DBEE5C81F52E762002CEC65 /* Base */,
			);
			name = LaunchScreen.storyboard;
			sourceTree = "<group>";
		};
/* End PBXVariantGroup section */

/* Begin XCBuildConfiguration section */
		6DBEE5CB1F52E762002CEC65 /* Debug */ = {
			isa = XCBuildConfiguration;
			buildSettings = {
				ALWAYS_SEARCH_USER_PATHS = NO;
				CLANG_ANALYZER_NONNULL = YES;
				CLANG_ANALYZER_NUMBER_OBJECT_CONVERSION = YES_AGGRESSIVE;
				CLANG_CXX_LANGUAGE_STANDARD = "gnu++0x";
				CLANG_CXX_LIBRARY = "libc++";
				CLANG_ENABLE_MODULES = YES;
				CLANG_ENABLE_OBJC_ARC = YES;
				CLANG_WARN_BOOL_CONVERSION = YES;
				CLANG_WARN_CONSTANT_CONVERSION = YES;
				CLANG_WARN_DIRECT_OBJC_ISA_USAGE = YES_ERROR;
				CLANG_WARN_DOCUMENTATION_COMMENTS = YES;
				CLANG_WARN_EMPTY_BODY = YES;
				CLANG_WARN_ENUM_CONVERSION = YES;
				CLANG_WARN_INFINITE_RECURSION = YES;
				CLANG_WARN_INT_CONVERSION = YES;
				CLANG_WARN_OBJC_ROOT_CLASS = YES_ERROR;
				CLANG_WARN_SUSPICIOUS_MOVE = YES;
				CLANG_WARN_UNREACHABLE_CODE = YES;
				CLANG_WARN__DUPLICATE_METHOD_MATCH = YES;
				"CODE_SIGN_IDENTITY[sdk=iphoneos*]" = "iPhone Developer";
				COPY_PHASE_STRIP = NO;
				DEBUG_INFORMATION_FORMAT = dwarf;
				ENABLE_STRICT_OBJC_MSGSEND = YES;
				ENABLE_TESTABILITY = YES;
				GCC_C_LANGUAGE_STANDARD = gnu99;
				GCC_DYNAMIC_NO_PIC = NO;
				GCC_NO_COMMON_BLOCKS = YES;
				GCC_OPTIMIZATION_LEVEL = 0;
				GCC_PREPROCESSOR_DEFINITIONS = (
					"DEBUG=1",
					"$(inherited)",
				);
				GCC_WARN_64_TO_32_BIT_CONVERSION = YES;
				GCC_WARN_ABOUT_RETURN_TYPE = YES_ERROR;
				GCC_WARN_UNDECLARED_SELECTOR = YES;
				GCC_WARN_UNINITIALIZED_AUTOS = YES_AGGRESSIVE;
				GCC_WARN_UNUSED_FUNCTION = YES;
				GCC_WARN_UNUSED_VARIABLE = YES;
				IPHONEOS_DEPLOYMENT_TARGET = 10.3;
				MTL_ENABLE_DEBUG_INFO = YES;
				ONLY_ACTIVE_ARCH = YES;
				SDKROOT = iphoneos;
				SWIFT_ACTIVE_COMPILATION_CONDITIONS = DEBUG;
				SWIFT_OPTIMIZATION_LEVEL = "-Onone";
			};
			name = Debug;
		};
		6DBEE5CC1F52E762002CEC65 /* Release */ = {
			isa = XCBuildConfiguration;
			buildSettings = {
				ALWAYS_SEARCH_USER_PATHS = NO;
				CLANG_ANALYZER_NONNULL = YES;
				CLANG_ANALYZER_NUMBER_OBJECT_CONVERSION = YES_AGGRESSIVE;
				CLANG_CXX_LANGUAGE_STANDARD = "gnu++0x";
				CLANG_CXX_LIBRARY = "libc++";
				CLANG_ENABLE_MODULES = YES;
				CLANG_ENABLE_OBJC_ARC = YES;
				CLANG_WARN_BOOL_CONVERSION = YES;
				CLANG_WARN_CONSTANT_CONVERSION = YES;
				CLANG_WARN_DIRECT_OBJC_ISA_USAGE = YES_ERROR;
				CLANG_WARN_DOCUMENTATION_COMMENTS = YES;
				CLANG_WARN_EMPTY_BODY = YES;
				CLANG_WARN_ENUM_CONVERSION = YES;
				CLANG_WARN_INFINITE_RECURSION = YES;
				CLANG_WARN_INT_CONVERSION = YES;
				CLANG_WARN_OBJC_ROOT_CLASS = YES_ERROR;
				CLANG_WARN_SUSPICIOUS_MOVE = YES;
				CLANG_WARN_UNREACHABLE_CODE = YES;
				CLANG_WARN__DUPLICATE_METHOD_MATCH = YES;
				"CODE_SIGN_IDENTITY[sdk=iphoneos*]" = "iPhone Developer";
				COPY_PHASE_STRIP = NO;
				DEBUG_INFORMATION_FORMAT = "dwarf-with-dsym";
				ENABLE_NS_ASSERTIONS = NO;
				ENABLE_STRICT_OBJC_MSGSEND = YES;
				GCC_C_LANGUAGE_STANDARD = gnu99;
				GCC_NO_COMMON_BLOCKS = YES;
				GCC_WARN_64_TO_32_BIT_CONVERSION = YES;
				GCC_WARN_ABOUT_RETURN_TYPE = YES_ERROR;
				GCC_WARN_UNDECLARED_SELECTOR = YES;
				GCC_WARN_UNINITIALIZED_AUTOS = YES_AGGRESSIVE;
				GCC_WARN_UNUSED_FUNCTION = YES;
				GCC_WARN_UNUSED_VARIABLE = YES;
				IPHONEOS_DEPLOYMENT_TARGET = 10.3;
				MTL_ENABLE_DEBUG_INFO = NO;
				SDKROOT = iphoneos;
				SWIFT_OPTIMIZATION_LEVEL = "-Owholemodule";
				VALIDATE_PRODUCT = YES;
			};
			name = Release;
		};
		6DBEE5CE1F52E762002CEC65 /* Debug */ = {
			isa = XCBuildConfiguration;
			baseConfigurationReference = 803E4AB661C97279A357CCA9 /* Pods-RandomUserProject.debug.xcconfig */;
			buildSettings = {
				ASSETCATALOG_COMPILER_APPICON_NAME = AppIcon;
				DEVELOPMENT_TEAM = "";
				INFOPLIST_FILE = RandomUserProject/Info.plist;
				IPHONEOS_DEPLOYMENT_TARGET = 9.0;
				LD_RUNPATH_SEARCH_PATHS = "$(inherited) @executable_path/Frameworks";
				PRODUCT_BUNDLE_IDENTIFIER = leah.eini.RandomUserProject;
				PRODUCT_NAME = "$(TARGET_NAME)";
				SWIFT_VERSION = 3.0;
			};
			name = Debug;
		};
		6DBEE5CF1F52E762002CEC65 /* Release */ = {
			isa = XCBuildConfiguration;
			baseConfigurationReference = 423AE6CD1D6B0AA6908027BD /* Pods-RandomUserProject.release.xcconfig */;
			buildSettings = {
				ASSETCATALOG_COMPILER_APPICON_NAME = AppIcon;
				DEVELOPMENT_TEAM = "";
				INFOPLIST_FILE = RandomUserProject/Info.plist;
				IPHONEOS_DEPLOYMENT_TARGET = 9.0;
				LD_RUNPATH_SEARCH_PATHS = "$(inherited) @executable_path/Frameworks";
				PRODUCT_BUNDLE_IDENTIFIER = leah.eini.RandomUserProject;
				PRODUCT_NAME = "$(TARGET_NAME)";
				SWIFT_VERSION = 3.0;
			};
			name = Release;
		};
/* End XCBuildConfiguration section */

/* Begin XCConfigurationList section */
		6DBEE5B61F52E762002CEC65 /* Build configuration list for PBXProject "RandomUserProject" */ = {
			isa = XCConfigurationList;
			buildConfigurations = (
				6DBEE5CB1F52E762002CEC65 /* Debug */,
				6DBEE5CC1F52E762002CEC65 /* Release */,
			);
			defaultConfigurationIsVisible = 0;
			defaultConfigurationName = Release;
		};
		6DBEE5CD1F52E762002CEC65 /* Build configuration list for PBXNativeTarget "RandomUserProject" */ = {
			isa = XCConfigurationList;
			buildConfigurations = (
				6DBEE5CE1F52E762002CEC65 /* Debug */,
				6DBEE5CF1F52E762002CEC65 /* Release */,
			);
			defaultConfigurationIsVisible = 0;
			defaultConfigurationName = Release;
		};
/* End XCConfigurationList section */
	};
	rootObject = 6DBEE5B31F52E762002CEC65 /* Project object */;
}
