// !$*UTF8*$!
{
	archiveVersion = 1;
	classes = {
	};
	objectVersion = 46;
	objects = {

/* Begin PBXBuildFile section */
		6DAC31631F03DA2C002DA204 /* AppDelegate.swift in Sources */ = {isa = PBXBuildFile; fileRef = 6DAC31621F03DA2C002DA204 /* AppDelegate.swift */; };
		6DAC31651F03DA2D002DA204 /* ViewController.swift in Sources */ = {isa = PBXBuildFile; fileRef = 6DAC31641F03DA2D002DA204 /* ViewController.swift */; };
		6DAC31681F03DA2D002DA204 /* Main.storyboard in Resources */ = {isa = PBXBuildFile; fileRef = 6DAC31661F03DA2D002DA204 /* Main.storyboard */; };
		6DAC316A1F03DA2D002DA204 /* Assets.xcassets in Resources */ = {isa = PBXBuildFile; fileRef = 6DAC31691F03DA2D002DA204 /* Assets.xcassets */; };
		6DAC316D1F03DA2D002DA204 /* LaunchScreen.storyboard in Resources */ = {isa = PBXBuildFile; fileRef = 6DAC316B1F03DA2D002DA204 /* LaunchScreen.storyboard */; };
		EC690953FFC8E7F0C06F799B /* Pods_AutoCompleteProject.framework in Frameworks */ = {isa = PBXBuildFile; fileRef = 1D6517C2C2E4856199574632 /* Pods_AutoCompleteProject.framework */; };
/* End PBXBuildFile section */

/* Begin PBXFileReference section */
		1D6517C2C2E4856199574632 /* Pods_AutoCompleteProject.framework */ = {isa = PBXFileReference; explicitFileType = wrapper.framework; includeInIndex = 0; path = Pods_AutoCompleteProject.framework; sourceTree = BUILT_PRODUCTS_DIR; };
		6DAC315F1F03DA2C002DA204 /* AutoCompleteProject.app */ = {isa = PBXFileReference; explicitFileType = wrapper.application; includeInIndex = 0; path = AutoCompleteProject.app; sourceTree = BUILT_PRODUCTS_DIR; };
		6DAC31621F03DA2C002DA204 /* AppDelegate.swift */ = {isa = PBXFileReference; lastKnownFileType = sourcecode.swift; path = AppDelegate.swift; sourceTree = "<group>"; };
		6DAC31641F03DA2D002DA204 /* ViewController.swift */ = {isa = PBXFileReference; lastKnownFileType = sourcecode.swift; path = ViewController.swift; sourceTree = "<group>"; };
		6DAC31671F03DA2D002DA204 /* Base */ = {isa = PBXFileReference; lastKnownFileType = file.storyboard; name = Base; path = Base.lproj/Main.storyboard; sourceTree = "<group>"; };
		6DAC31691F03DA2D002DA204 /* Assets.xcassets */ = {isa = PBXFileReference; lastKnownFileType = folder.assetcatalog; path = Assets.xcassets; sourceTree = "<group>"; };
		6DAC316C1F03DA2D002DA204 /* Base */ = {isa = PBXFileReference; lastKnownFileType = file.storyboard; name = Base; path = Base.lproj/LaunchScreen.storyboard; sourceTree = "<group>"; };
		6DAC316E1F03DA2D002DA204 /* Info.plist */ = {isa = PBXFileReference; lastKnownFileType = text.plist.xml; path = Info.plist; sourceTree = "<group>"; };
		6E2C1224704B72BEE023A6B4 /* Pods-AutoCompleteProject.debug.xcconfig */ = {isa = PBXFileReference; includeInIndex = 1; lastKnownFileType = text.xcconfig; name = "Pods-AutoCompleteProject.debug.xcconfig"; path = "Pods/Target Support Files/Pods-AutoCompleteProject/Pods-AutoCompleteProject.debug.xcconfig"; sourceTree = "<group>"; };
		9E5D24F5448D866AEC9573B5 /* Pods-AutoCompleteProject.release.xcconfig */ = {isa = PBXFileReference; includeInIndex = 1; lastKnownFileType = text.xcconfig; name = "Pods-AutoCompleteProject.release.xcconfig"; path = "Pods/Target Support Files/Pods-AutoCompleteProject/Pods-AutoCompleteProject.release.xcconfig"; sourceTree = "<group>"; };
/* End PBXFileReference section */

/* Begin PBXFrameworksBuildPhase section */
		6DAC315C1F03DA2C002DA204 /* Frameworks */ = {
			isa = PBXFrameworksBuildPhase;
			buildActionMask = 2147483647;
			files = (
				EC690953FFC8E7F0C06F799B /* Pods_AutoCompleteProject.framework in Frameworks */,
			);
			runOnlyForDeploymentPostprocessing = 0;
		};
/* End PBXFrameworksBuildPhase section */

/* Begin PBXGroup section */
		2B6711BC47858FF5182ECBFF /* Pods */ = {
			isa = PBXGroup;
			children = (
				6E2C1224704B72BEE023A6B4 /* Pods-AutoCompleteProject.debug.xcconfig */,
				9E5D24F5448D866AEC9573B5 /* Pods-AutoCompleteProject.release.xcconfig */,
			);
			name = Pods;
			sourceTree = "<group>";
		};
		6DAC31561F03DA2C002DA204 = {
			isa = PBXGroup;
			children = (
				6DAC31611F03DA2C002DA204 /* AutoCompleteProject */,
				6DAC31601F03DA2C002DA204 /* Products */,
				2B6711BC47858FF5182ECBFF /* Pods */,
				99BF0B50002EB09AF258FB5B /* Frameworks */,
			);
			sourceTree = "<group>";
		};
		6DAC31601F03DA2C002DA204 /* Products */ = {
			isa = PBXGroup;
			children = (
				6DAC315F1F03DA2C002DA204 /* AutoCompleteProject.app */,
			);
			name = Products;
			sourceTree = "<group>";
		};
		6DAC31611F03DA2C002DA204 /* AutoCompleteProject */ = {
			isa = PBXGroup;
			children = (
				6DAC31621F03DA2C002DA204 /* AppDelegate.swift */,
				6DAC31641F03DA2D002DA204 /* ViewController.swift */,
				6DAC31661F03DA2D002DA204 /* Main.storyboard */,
				6DAC31691F03DA2D002DA204 /* Assets.xcassets */,
				6DAC316B1F03DA2D002DA204 /* LaunchScreen.storyboard */,
				6DAC316E1F03DA2D002DA204 /* Info.plist */,
			);
			path = AutoCompleteProject;
			sourceTree = "<group>";
		};
		99BF0B50002EB09AF258FB5B /* Frameworks */ = {
			isa = PBXGroup;
			children = (
				1D6517C2C2E4856199574632 /* Pods_AutoCompleteProject.framework */,
			);
			name = Frameworks;
			sourceTree = "<group>";
		};
/* End PBXGroup section */

/* Begin PBXNativeTarget section */
		6DAC315E1F03DA2C002DA204 /* AutoCompleteProject */ = {
			isa = PBXNativeTarget;
			buildConfigurationList = 6DAC31711F03DA2D002DA204 /* Build configuration list for PBXNativeTarget "AutoCompleteProject" */;
			buildPhases = (
				FC7FB2A3684A5B6D90992CD2 /* [CP] Check Pods Manifest.lock */,
				6DAC315B1F03DA2C002DA204 /* Sources */,
				6DAC315C1F03DA2C002DA204 /* Frameworks */,
				6DAC315D1F03DA2C002DA204 /* Resources */,
				0758B3A5A09C7E925E263976 /* [CP] Embed Pods Frameworks */,
				B7C72A6F1F431D630303EC2E /* [CP] Copy Pods Resources */,
			);
			buildRules = (
			);
			dependencies = (
			);
			name = AutoCompleteProject;
			productName = AutoCompleteProject;
			productReference = 6DAC315F1F03DA2C002DA204 /* AutoCompleteProject.app */;
			productType = "com.apple.product-type.application";
		};
/* End PBXNativeTarget section */

/* Begin PBXProject section */
		6DAC31571F03DA2C002DA204 /* Project object */ = {
			isa = PBXProject;
			attributes = {
				LastSwiftUpdateCheck = 0820;
				LastUpgradeCheck = 0820;
				ORGANIZATIONNAME = Juda;
				TargetAttributes = {
					6DAC315E1F03DA2C002DA204 = {
						CreatedOnToolsVersion = 8.2.1;
						ProvisioningStyle = Automatic;
					};
				};
			};
			buildConfigurationList = 6DAC315A1F03DA2C002DA204 /* Build configuration list for PBXProject "AutoCompleteProject" */;
			compatibilityVersion = "Xcode 3.2";
			developmentRegion = English;
			hasScannedForEncodings = 0;
			knownRegions = (
				en,
				Base,
			);
			mainGroup = 6DAC31561F03DA2C002DA204;
			productRefGroup = 6DAC31601F03DA2C002DA204 /* Products */;
			projectDirPath = "";
			projectRoot = "";
			targets = (
				6DAC315E1F03DA2C002DA204 /* AutoCompleteProject */,
			);
		};
/* End PBXProject section */

/* Begin PBXResourcesBuildPhase section */
		6DAC315D1F03DA2C002DA204 /* Resources */ = {
			isa = PBXResourcesBuildPhase;
			buildActionMask = 2147483647;
			files = (
				6DAC316D1F03DA2D002DA204 /* LaunchScreen.storyboard in Resources */,
				6DAC316A1F03DA2D002DA204 /* Assets.xcassets in Resources */,
				6DAC31681F03DA2D002DA204 /* Main.storyboard in Resources */,
			);
			runOnlyForDeploymentPostprocessing = 0;
		};
/* End PBXResourcesBuildPhase section */

/* Begin PBXShellScriptBuildPhase section */
		0758B3A5A09C7E925E263976 /* [CP] Embed Pods Frameworks */ = {
			isa = PBXShellScriptBuildPhase;
			buildActionMask = 2147483647;
			files = (
			);
			inputPaths = (
			);
			name = "[CP] Embed Pods Frameworks";
			outputPaths = (
			);
			runOnlyForDeploymentPostprocessing = 0;
			shellPath = /bin/sh;
			shellScript = "\"${SRCROOT}/Pods/Target Support Files/Pods-AutoCompleteProject/Pods-AutoCompleteProject-frameworks.sh\"\n";
			showEnvVarsInLog = 0;
		};
		B7C72A6F1F431D630303EC2E /* [CP] Copy Pods Resources */ = {
			isa = PBXShellScriptBuildPhase;
			buildActionMask = 2147483647;
			files = (
			);
			inputPaths = (
			);
			name = "[CP] Copy Pods Resources";
			outputPaths = (
			);
			runOnlyForDeploymentPostprocessing = 0;
			shellPath = /bin/sh;
			shellScript = "\"${SRCROOT}/Pods/Target Support Files/Pods-AutoCompleteProject/Pods-AutoCompleteProject-resources.sh\"\n";
			showEnvVarsInLog = 0;
		};
		FC7FB2A3684A5B6D90992CD2 /* [CP] Check Pods Manifest.lock */ = {
			isa = PBXShellScriptBuildPhase;
			buildActionMask = 2147483647;
			files = (
			);
			inputPaths = (
			);
			name = "[CP] Check Pods Manifest.lock";
			outputPaths = (
			);
			runOnlyForDeploymentPostprocessing = 0;
			shellPath = /bin/sh;
			shellScript = "diff \"${PODS_PODFILE_DIR_PATH}/Podfile.lock\" \"${PODS_ROOT}/Manifest.lock\" > /dev/null\nif [ $? != 0 ] ; then\n    # print error to STDERR\n    echo \"error: The sandbox is not in sync with the Podfile.lock. Run 'pod install' or update your CocoaPods installation.\" >&2\n    exit 1\nfi\n";
			showEnvVarsInLog = 0;
		};
/* End PBXShellScriptBuildPhase section */

/* Begin PBXSourcesBuildPhase section */
		6DAC315B1F03DA2C002DA204 /* Sources */ = {
			isa = PBXSourcesBuildPhase;
			buildActionMask = 2147483647;
			files = (
				6DAC31651F03DA2D002DA204 /* ViewController.swift in Sources */,
				6DAC31631F03DA2C002DA204 /* AppDelegate.swift in Sources */,
			);
			runOnlyForDeploymentPostprocessing = 0;
		};
/* End PBXSourcesBuildPhase section */

/* Begin PBXVariantGroup section */
		6DAC31661F03DA2D002DA204 /* Main.storyboard */ = {
			isa = PBXVariantGroup;
			children = (
				6DAC31671F03DA2D002DA204 /* Base */,
			);
			name = Main.storyboard;
			sourceTree = "<group>";
		};
		6DAC316B1F03DA2D002DA204 /* LaunchScreen.storyboard */ = {
			isa = PBXVariantGroup;
			children = (
				6DAC316C1F03DA2D002DA204 /* Base */,
			);
			name = LaunchScreen.storyboard;
			sourceTree = "<group>";
		};
/* End PBXVariantGroup section */

/* Begin XCBuildConfiguration section */
		6DAC316F1F03DA2D002DA204 /* Debug */ = {
			isa = XCBuildConfiguration;
			buildSettings = {
				ALWAYS_SEARCH_USER_PATHS = NO;
				CLANG_ANALYZER_NONNULL = YES;
				CLANG_CXX_LANGUAGE_STANDARD = "gnu++0x";
				CLANG_CXX_LIBRARY = "libc++";
				CLANG_ENABLE_MODULES = YES;
				CLANG_ENABLE_OBJC_ARC = YES;
				CLANG_WARN_BOOL_CONVERSION = YES;
				CLANG_WARN_CONSTANT_CONVERSION = YES;
				CLANG_WARN_DIRECT_OBJC_ISA_USAGE = YES_ERROR;
				CLANG_WARN_DOCUMENTATION_COMMENTS = YES;
				CLANG_WARN_EMPTY_BODY = YES;
				CLANG_WARN_ENUM_CONVERSION = YES;
				CLANG_WARN_INFINITE_RECURSION = YES;
				CLANG_WARN_INT_CONVERSION = YES;
				CLANG_WARN_OBJC_ROOT_CLASS = YES_ERROR;
				CLANG_WARN_SUSPICIOUS_MOVE = YES;
				CLANG_WARN_UNREACHABLE_CODE = YES;
				CLANG_WARN__DUPLICATE_METHOD_MATCH = YES;
				"CODE_SIGN_IDENTITY[sdk=iphoneos*]" = "iPhone Developer";
				COPY_PHASE_STRIP = NO;
				DEBUG_INFORMATION_FORMAT = dwarf;
				ENABLE_STRICT_OBJC_MSGSEND = YES;
				ENABLE_TESTABILITY = YES;
				GCC_C_LANGUAGE_STANDARD = gnu99;
				GCC_DYNAMIC_NO_PIC = NO;
				GCC_NO_COMMON_BLOCKS = YES;
				GCC_OPTIMIZATION_LEVEL = 0;
				GCC_PREPROCESSOR_DEFINITIONS = (
					"DEBUG=1",
					"$(inherited)",
				);
				GCC_WARN_64_TO_32_BIT_CONVERSION = YES;
				GCC_WARN_ABOUT_RETURN_TYPE = YES_ERROR;
				GCC_WARN_UNDECLARED_SELECTOR = YES;
				GCC_WARN_UNINITIALIZED_AUTOS = YES_AGGRESSIVE;
				GCC_WARN_UNUSED_FUNCTION = YES;
				GCC_WARN_UNUSED_VARIABLE = YES;
				IPHONEOS_DEPLOYMENT_TARGET = 10.2;
				MTL_ENABLE_DEBUG_INFO = YES;
				ONLY_ACTIVE_ARCH = YES;
				SDKROOT = iphoneos;
				SWIFT_ACTIVE_COMPILATION_CONDITIONS = DEBUG;
				SWIFT_OPTIMIZATION_LEVEL = "-Onone";
			};
			name = Debug;
		};
		6DAC31701F03DA2D002DA204 /* Release */ = {
			isa = XCBuildConfiguration;
			buildSettings = {
				ALWAYS_SEARCH_USER_PATHS = NO;
				CLANG_ANALYZER_NONNULL = YES;
				CLANG_CXX_LANGUAGE_STANDARD = "gnu++0x";
				CLANG_CXX_LIBRARY = "libc++";
				CLANG_ENABLE_MODULES = YES;
				CLANG_ENABLE_OBJC_ARC = YES;
				CLANG_WARN_BOOL_CONVERSION = YES;
				CLANG_WARN_CONSTANT_CONVERSION = YES;
				CLANG_WARN_DIRECT_OBJC_ISA_USAGE = YES_ERROR;
				CLANG_WARN_DOCUMENTATION_COMMENTS = YES;
				CLANG_WARN_EMPTY_BODY = YES;
				CLANG_WARN_ENUM_CONVERSION = YES;
				CLANG_WARN_INFINITE_RECURSION = YES;
				CLANG_WARN_INT_CONVERSION = YES;
				CLANG_WARN_OBJC_ROOT_CLASS = YES_ERROR;
				CLANG_WARN_SUSPICIOUS_MOVE = YES;
				CLANG_WARN_UNREACHABLE_CODE = YES;
				CLANG_WARN__DUPLICATE_METHOD_MATCH = YES;
				"CODE_SIGN_IDENTITY[sdk=iphoneos*]" = "iPhone Developer";
				COPY_PHASE_STRIP = NO;
				DEBUG_INFORMATION_FORMAT = "dwarf-with-dsym";
				ENABLE_NS_ASSERTIONS = NO;
				ENABLE_STRICT_OBJC_MSGSEND = YES;
				GCC_C_LANGUAGE_STANDARD = gnu99;
				GCC_NO_COMMON_BLOCKS = YES;
				GCC_WARN_64_TO_32_BIT_CONVERSION = YES;
				GCC_WARN_ABOUT_RETURN_TYPE = YES_ERROR;
				GCC_WARN_UNDECLARED_SELECTOR = YES;
				GCC_WARN_UNINITIALIZED_AUTOS = YES_AGGRESSIVE;
				GCC_WARN_UNUSED_FUNCTION = YES;
				GCC_WARN_UNUSED_VARIABLE = YES;
				IPHONEOS_DEPLOYMENT_TARGET = 10.2;
				MTL_ENABLE_DEBUG_INFO = NO;
				SDKROOT = iphoneos;
				SWIFT_OPTIMIZATION_LEVEL = "-Owholemodule";
				VALIDATE_PRODUCT = YES;
			};
			name = Release;
		};
		6DAC31721F03DA2D002DA204 /* Debug */ = {
			isa = XCBuildConfiguration;
			baseConfigurationReference = 6E2C1224704B72BEE023A6B4 /* Pods-AutoCompleteProject.debug.xcconfig */;
			buildSettings = {
				ASSETCATALOG_COMPILER_APPICON_NAME = AppIcon;
				INFOPLIST_FILE = AutoCompleteProject/Info.plist;
				LD_RUNPATH_SEARCH_PATHS = "$(inherited) @executable_path/Frameworks";
				PRODUCT_BUNDLE_IDENTIFIER = Juda.AutoCompleteProject;
				PRODUCT_NAME = "$(TARGET_NAME)";
				SWIFT_VERSION = 3.0;
			};
			name = Debug;
		};
		6DAC31731F03DA2D002DA204 /* Release */ = {
			isa = XCBuildConfiguration;
			baseConfigurationReference = 9E5D24F5448D866AEC9573B5 /* Pods-AutoCompleteProject.release.xcconfig */;
			buildSettings = {
				ASSETCATALOG_COMPILER_APPICON_NAME = AppIcon;
				INFOPLIST_FILE = AutoCompleteProject/Info.plist;
				LD_RUNPATH_SEARCH_PATHS = "$(inherited) @executable_path/Frameworks";
				PRODUCT_BUNDLE_IDENTIFIER = Juda.AutoCompleteProject;
				PRODUCT_NAME = "$(TARGET_NAME)";
				SWIFT_VERSION = 3.0;
			};
			name = Release;
		};
/* End XCBuildConfiguration section */

/* Begin XCConfigurationList section */
		6DAC315A1F03DA2C002DA204 /* Build configuration list for PBXProject "AutoCompleteProject" */ = {
			isa = XCConfigurationList;
			buildConfigurations = (
				6DAC316F1F03DA2D002DA204 /* Debug */,
				6DAC31701F03DA2D002DA204 /* Release */,
			);
			defaultConfigurationIsVisible = 0;
			defaultConfigurationName = Release;
		};
		6DAC31711F03DA2D002DA204 /* Build configuration list for PBXNativeTarget "AutoCompleteProject" */ = {
			isa = XCConfigurationList;
			buildConfigurations = (
				6DAC31721F03DA2D002DA204 /* Debug */,
				6DAC31731F03DA2D002DA204 /* Release */,
			);
			defaultConfigurationIsVisible = 0;
		};
/* End XCConfigurationList section */
	};
	rootObject = 6DAC31571F03DA2C002DA204 /* Project object */;
}
