// !$*UTF8*$!
{
	archiveVersion = 1;
	classes = {
	};
	objectVersion = 46;
	objects = {

/* Begin PBXBuildFile section */
		6DC2EF011F2DB8F300C5C050 /* AppDelegate.swift in Sources */ = {isa = PBXBuildFile; fileRef = 6DC2EF001F2DB8F300C5C050 /* AppDelegate.swift */; };
		6DC2EF031F2DB8F300C5C050 /* ViewController.swift in Sources */ = {isa = PBXBuildFile; fileRef = 6DC2EF021F2DB8F300C5C050 /* ViewController.swift */; };
		6DC2EF061F2DB8F300C5C050 /* Main.storyboard in Resources */ = {isa = PBXBuildFile; fileRef = 6DC2EF041F2DB8F300C5C050 /* Main.storyboard */; };
		6DC2EF081F2DB8F300C5C050 /* Assets.xcassets in Resources */ = {isa = PBXBuildFile; fileRef = 6DC2EF071F2DB8F300C5C050 /* Assets.xcassets */; };
		6DC2EF0B1F2DB8F300C5C050 /* LaunchScreen.storyboard in Resources */ = {isa = PBXBuildFile; fileRef = 6DC2EF091F2DB8F300C5C050 /* LaunchScreen.storyboard */; };
		6DC2EF141F2DBA1300C5C050 /* ToggleImageView.swift in Sources */ = {isa = PBXBuildFile; fileRef = 6DC2EF131F2DBA1300C5C050 /* ToggleImageView.swift */; };
/* End PBXBuildFile section */

/* Begin PBXFileReference section */
		6DC2EEFD1F2DB8F300C5C050 /* MultiToggleProject.app */ = {isa = PBXFileReference; explicitFileType = wrapper.application; includeInIndex = 0; path = MultiToggleProject.app; sourceTree = BUILT_PRODUCTS_DIR; };
		6DC2EF001F2DB8F300C5C050 /* AppDelegate.swift */ = {isa = PBXFileReference; lastKnownFileType = sourcecode.swift; path = AppDelegate.swift; sourceTree = "<group>"; };
		6DC2EF021F2DB8F300C5C050 /* ViewController.swift */ = {isa = PBXFileReference; lastKnownFileType = sourcecode.swift; path = ViewController.swift; sourceTree = "<group>"; };
		6DC2EF051F2DB8F300C5C050 /* Base */ = {isa = PBXFileReference; lastKnownFileType = file.storyboard; name = Base; path = Base.lproj/Main.storyboard; sourceTree = "<group>"; };
		6DC2EF071F2DB8F300C5C050 /* Assets.xcassets */ = {isa = PBXFileReference; lastKnownFileType = folder.assetcatalog; path = Assets.xcassets; sourceTree = "<group>"; };
		6DC2EF0A1F2DB8F300C5C050 /* Base */ = {isa = PBXFileReference; lastKnownFileType = file.storyboard; name = Base; path = Base.lproj/LaunchScreen.storyboard; sourceTree = "<group>"; };
		6DC2EF0C1F2DB8F300C5C050 /* Info.plist */ = {isa = PBXFileReference; lastKnownFileType = text.plist.xml; path = Info.plist; sourceTree = "<group>"; };
		6DC2EF131F2DBA1300C5C050 /* ToggleImageView.swift */ = {isa = PBXFileReference; fileEncoding = 4; lastKnownFileType = sourcecode.swift; path = ToggleImageView.swift; sourceTree = "<group>"; };
/* End PBXFileReference section */

/* Begin PBXFrameworksBuildPhase section */
		6DC2EEFA1F2DB8F300C5C050 /* Frameworks */ = {
			isa = PBXFrameworksBuildPhase;
			buildActionMask = 2147483647;
			files = (
			);
			runOnlyForDeploymentPostprocessing = 0;
		};
/* End PBXFrameworksBuildPhase section */

/* Begin PBXGroup section */
		6DC2EEF41F2DB8F300C5C050 = {
			isa = PBXGroup;
			children = (
				6DC2EEFF1F2DB8F300C5C050 /* MultiToggleProject */,
				6DC2EEFE1F2DB8F300C5C050 /* Products */,
			);
			sourceTree = "<group>";
		};
		6DC2EEFE1F2DB8F300C5C050 /* Products */ = {
			isa = PBXGroup;
			children = (
				6DC2EEFD1F2DB8F300C5C050 /* MultiToggleProject.app */,
			);
			name = Products;
			sourceTree = "<group>";
		};
		6DC2EEFF1F2DB8F300C5C050 /* MultiToggleProject */ = {
			isa = PBXGroup;
			children = (
				6DC2EF001F2DB8F300C5C050 /* AppDelegate.swift */,
				6DC2EF021F2DB8F300C5C050 /* ViewController.swift */,
				6DC2EF121F2DB9BC00C5C050 /* view */,
				6DC2EF041F2DB8F300C5C050 /* Main.storyboard */,
				6DC2EF071F2DB8F300C5C050 /* Assets.xcassets */,
				6DC2EF091F2DB8F300C5C050 /* LaunchScreen.storyboard */,
				6DC2EF0C1F2DB8F300C5C050 /* Info.plist */,
			);
			path = MultiToggleProject;
			sourceTree = "<group>";
		};
		6DC2EF121F2DB9BC00C5C050 /* view */ = {
			isa = PBXGroup;
			children = (
				6DC2EF131F2DBA1300C5C050 /* ToggleImageView.swift */,
			);
			name = view;
			sourceTree = "<group>";
		};
/* End PBXGroup section */

/* Begin PBXNativeTarget section */
		6DC2EEFC1F2DB8F300C5C050 /* MultiToggleProject */ = {
			isa = PBXNativeTarget;
			buildConfigurationList = 6DC2EF0F1F2DB8F300C5C050 /* Build configuration list for PBXNativeTarget "MultiToggleProject" */;
			buildPhases = (
				6DC2EEF91F2DB8F300C5C050 /* Sources */,
				6DC2EEFA1F2DB8F300C5C050 /* Frameworks */,
				6DC2EEFB1F2DB8F300C5C050 /* Resources */,
			);
			buildRules = (
			);
			dependencies = (
			);
			name = MultiToggleProject;
			productName = MultiToggleProject;
			productReference = 6DC2EEFD1F2DB8F300C5C050 /* MultiToggleProject.app */;
			productType = "com.apple.product-type.application";
		};
/* End PBXNativeTarget section */

/* Begin PBXProject section */
		6DC2EEF51F2DB8F300C5C050 /* Project object */ = {
			isa = PBXProject;
			attributes = {
				LastSwiftUpdateCheck = 0820;
				LastUpgradeCheck = 0820;
				ORGANIZATIONNAME = com.hackeru;
				TargetAttributes = {
					6DC2EEFC1F2DB8F300C5C050 = {
						CreatedOnToolsVersion = 8.2.1;
						ProvisioningStyle = Automatic;
					};
				};
			};
			buildConfigurationList = 6DC2EEF81F2DB8F300C5C050 /* Build configuration list for PBXProject "MultiToggleProject" */;
			compatibilityVersion = "Xcode 3.2";
			developmentRegion = English;
			hasScannedForEncodings = 0;
			knownRegions = (
				en,
				Base,
			);
			mainGroup = 6DC2EEF41F2DB8F300C5C050;
			productRefGroup = 6DC2EEFE1F2DB8F300C5C050 /* Products */;
			projectDirPath = "";
			projectRoot = "";
			targets = (
				6DC2EEFC1F2DB8F300C5C050 /* MultiToggleProject */,
			);
		};
/* End PBXProject section */

/* Begin PBXResourcesBuildPhase section */
		6DC2EEFB1F2DB8F300C5C050 /* Resources */ = {
			isa = PBXResourcesBuildPhase;
			buildActionMask = 2147483647;
			files = (
				6DC2EF0B1F2DB8F300C5C050 /* LaunchScreen.storyboard in Resources */,
				6DC2EF081F2DB8F300C5C050 /* Assets.xcassets in Resources */,
				6DC2EF061F2DB8F300C5C050 /* Main.storyboard in Resources */,
			);
			runOnlyForDeploymentPostprocessing = 0;
		};
/* End PBXResourcesBuildPhase section */

/* Begin PBXSourcesBuildPhase section */
		6DC2EEF91F2DB8F300C5C050 /* Sources */ = {
			isa = PBXSourcesBuildPhase;
			buildActionMask = 2147483647;
			files = (
				6DC2EF031F2DB8F300C5C050 /* ViewController.swift in Sources */,
				6DC2EF141F2DBA1300C5C050 /* ToggleImageView.swift in Sources */,
				6DC2EF011F2DB8F300C5C050 /* AppDelegate.swift in Sources */,
			);
			runOnlyForDeploymentPostprocessing = 0;
		};
/* End PBXSourcesBuildPhase section */

/* Begin PBXVariantGroup section */
		6DC2EF041F2DB8F300C5C050 /* Main.storyboard */ = {
			isa = PBXVariantGroup;
			children = (
				6DC2EF051F2DB8F300C5C050 /* Base */,
			);
			name = Main.storyboard;
			sourceTree = "<group>";
		};
		6DC2EF091F2DB8F300C5C050 /* LaunchScreen.storyboard */ = {
			isa = PBXVariantGroup;
			children = (
				6DC2EF0A1F2DB8F300C5C050 /* Base */,
			);
			name = LaunchScreen.storyboard;
			sourceTree = "<group>";
		};
/* End PBXVariantGroup section */

/* Begin XCBuildConfiguration section */
		6DC2EF0D1F2DB8F300C5C050 /* Debug */ = {
			isa = XCBuildConfiguration;
			buildSettings = {
				ALWAYS_SEARCH_USER_PATHS = NO;
				CLANG_ANALYZER_NONNULL = YES;
				CLANG_CXX_LANGUAGE_STANDARD = "gnu++0x";
				CLANG_CXX_LIBRARY = "libc++";
				CLANG_ENABLE_MODULES = YES;
				CLANG_ENABLE_OBJC_ARC = YES;
				CLANG_WARN_BOOL_CONVERSION = YES;
				CLANG_WARN_CONSTANT_CONVERSION = YES;
				CLANG_WARN_DIRECT_OBJC_ISA_USAGE = YES_ERROR;
				CLANG_WARN_DOCUMENTATION_COMMENTS = YES;
				CLANG_WARN_EMPTY_BODY = YES;
				CLANG_WARN_ENUM_CONVERSION = YES;
				CLANG_WARN_INFINITE_RECURSION = YES;
				CLANG_WARN_INT_CONVERSION = YES;
				CLANG_WARN_OBJC_ROOT_CLASS = YES_ERROR;
				CLANG_WARN_SUSPICIOUS_MOVE = YES;
				CLANG_WARN_UNREACHABLE_CODE = YES;
				CLANG_WARN__DUPLICATE_METHOD_MATCH = YES;
				"CODE_SIGN_IDENTITY[sdk=iphoneos*]" = "iPhone Developer";
				COPY_PHASE_STRIP = NO;
				DEBUG_INFORMATION_FORMAT = dwarf;
				ENABLE_STRICT_OBJC_MSGSEND = YES;
				ENABLE_TESTABILITY = YES;
				GCC_C_LANGUAGE_STANDARD = gnu99;
				GCC_DYNAMIC_NO_PIC = NO;
				GCC_NO_COMMON_BLOCKS = YES;
				GCC_OPTIMIZATION_LEVEL = 0;
				GCC_PREPROCESSOR_DEFINITIONS = (
					"DEBUG=1",
					"$(inherited)",
				);
				GCC_WARN_64_TO_32_BIT_CONVERSION = YES;
				GCC_WARN_ABOUT_RETURN_TYPE = YES_ERROR;
				GCC_WARN_UNDECLARED_SELECTOR = YES;
				GCC_WARN_UNINITIALIZED_AUTOS = YES_AGGRESSIVE;
				GCC_WARN_UNUSED_FUNCTION = YES;
				GCC_WARN_UNUSED_VARIABLE = YES;
				IPHONEOS_DEPLOYMENT_TARGET = 10.2;
				MTL_ENABLE_DEBUG_INFO = YES;
				ONLY_ACTIVE_ARCH = YES;
				SDKROOT = iphoneos;
				SWIFT_ACTIVE_COMPILATION_CONDITIONS = DEBUG;
				SWIFT_OPTIMIZATION_LEVEL = "-Onone";
			};
			name = Debug;
		};
		6DC2EF0E1F2DB8F300C5C050 /* Release */ = {
			isa = XCBuildConfiguration;
			buildSettings = {
				ALWAYS_SEARCH_USER_PATHS = NO;
				CLANG_ANALYZER_NONNULL = YES;
				CLANG_CXX_LANGUAGE_STANDARD = "gnu++0x";
				CLANG_CXX_LIBRARY = "libc++";
				CLANG_ENABLE_MODULES = YES;
				CLANG_ENABLE_OBJC_ARC = YES;
				CLANG_WARN_BOOL_CONVERSION = YES;
				CLANG_WARN_CONSTANT_CONVERSION = YES;
				CLANG_WARN_DIRECT_OBJC_ISA_USAGE = YES_ERROR;
				CLANG_WARN_DOCUMENTATION_COMMENTS = YES;
				CLANG_WARN_EMPTY_BODY = YES;
				CLANG_WARN_ENUM_CONVERSION = YES;
				CLANG_WARN_INFINITE_RECURSION = YES;
				CLANG_WARN_INT_CONVERSION = YES;
				CLANG_WARN_OBJC_ROOT_CLASS = YES_ERROR;
				CLANG_WARN_SUSPICIOUS_MOVE = YES;
				CLANG_WARN_UNREACHABLE_CODE = YES;
				CLANG_WARN__DUPLICATE_METHOD_MATCH = YES;
				"CODE_SIGN_IDENTITY[sdk=iphoneos*]" = "iPhone Developer";
				COPY_PHASE_STRIP = NO;
				DEBUG_INFORMATION_FORMAT = "dwarf-with-dsym";
				ENABLE_NS_ASSERTIONS = NO;
				ENABLE_STRICT_OBJC_MSGSEND = YES;
				GCC_C_LANGUAGE_STANDARD = gnu99;
				GCC_NO_COMMON_BLOCKS = YES;
				GCC_WARN_64_TO_32_BIT_CONVERSION = YES;
				GCC_WARN_ABOUT_RETURN_TYPE = YES_ERROR;
				GCC_WARN_UNDECLARED_SELECTOR = YES;
				GCC_WARN_UNINITIALIZED_AUTOS = YES_AGGRESSIVE;
				GCC_WARN_UNUSED_FUNCTION = YES;
				GCC_WARN_UNUSED_VARIABLE = YES;
				IPHONEOS_DEPLOYMENT_TARGET = 10.2;
				MTL_ENABLE_DEBUG_INFO = NO;
				SDKROOT = iphoneos;
				SWIFT_OPTIMIZATION_LEVEL = "-Owholemodule";
				VALIDATE_PRODUCT = YES;
			};
			name = Release;
		};
		6DC2EF101F2DB8F300C5C050 /* Debug */ = {
			isa = XCBuildConfiguration;
			buildSettings = {
				ASSETCATALOG_COMPILER_APPICON_NAME = AppIcon;
				INFOPLIST_FILE = MultiToggleProject/Info.plist;
				LD_RUNPATH_SEARCH_PATHS = "$(inherited) @executable_path/Frameworks";
				PRODUCT_BUNDLE_IDENTIFIER = com.hackeru.MultiToggleProject;
				PRODUCT_NAME = "$(TARGET_NAME)";
				SWIFT_VERSION = 3.0;
			};
			name = Debug;
		};
		6DC2EF111F2DB8F300C5C050 /* Release */ = {
			isa = XCBuildConfiguration;
			buildSettings = {
				ASSETCATALOG_COMPILER_APPICON_NAME = AppIcon;
				INFOPLIST_FILE = MultiToggleProject/Info.plist;
				LD_RUNPATH_SEARCH_PATHS = "$(inherited) @executable_path/Frameworks";
				PRODUCT_BUNDLE_IDENTIFIER = com.hackeru.MultiToggleProject;
				PRODUCT_NAME = "$(TARGET_NAME)";
				SWIFT_VERSION = 3.0;
			};
			name = Release;
		};
/* End XCBuildConfiguration section */

/* Begin XCConfigurationList section */
		6DC2EEF81F2DB8F300C5C050 /* Build configuration list for PBXProject "MultiToggleProject" */ = {
			isa = XCConfigurationList;
			buildConfigurations = (
				6DC2EF0D1F2DB8F300C5C050 /* Debug */,
				6DC2EF0E1F2DB8F300C5C050 /* Release */,
			);
			defaultConfigurationIsVisible = 0;
			defaultConfigurationName = Release;
		};
		6DC2EF0F1F2DB8F300C5C050 /* Build configuration list for PBXNativeTarget "MultiToggleProject" */ = {
			isa = XCConfigurationList;
			buildConfigurations = (
				6DC2EF101F2DB8F300C5C050 /* Debug */,
				6DC2EF111F2DB8F300C5C050 /* Release */,
			);
			defaultConfigurationIsVisible = 0;
		};
/* End XCConfigurationList section */
	};
	rootObject = 6DC2EEF51F2DB8F300C5C050 /* Project object */;
}
