// !$*UTF8*$!
{
	archiveVersion = 1;
	classes = {
	};
	objectVersion = 46;
	objects = {

/* Begin PBXBuildFile section */
		5BA8B1F31F366F8200EAD450 /* BirthdayDatePicker.swift in Sources */ = {isa = PBXBuildFile; fileRef = 5BA8B1F21F366F8200EAD450 /* BirthdayDatePicker.swift */; };
		6DBC575C1F32009B00E68896 /* AppDelegate.swift in Sources */ = {isa = PBXBuildFile; fileRef = 6DBC575B1F32009B00E68896 /* AppDelegate.swift */; };
		6DBC575E1F32009B00E68896 /* ViewController.swift in Sources */ = {isa = PBXBuildFile; fileRef = 6DBC575D1F32009B00E68896 /* ViewController.swift */; };
		6DBC57611F32009B00E68896 /* Main.storyboard in Resources */ = {isa = PBXBuildFile; fileRef = 6DBC575F1F32009B00E68896 /* Main.storyboard */; };
		6DBC57631F32009B00E68896 /* Assets.xcassets in Resources */ = {isa = PBXBuildFile; fileRef = 6DBC57621F32009B00E68896 /* Assets.xcassets */; };
		6DBC57661F32009B00E68896 /* LaunchScreen.storyboard in Resources */ = {isa = PBXBuildFile; fileRef = 6DBC57641F32009B00E68896 /* LaunchScreen.storyboard */; };
		6DBC576F1F32045E00E68896 /* GenderTextField.swift in Sources */ = {isa = PBXBuildFile; fileRef = 6DBC576E1F32045E00E68896 /* GenderTextField.swift */; };
/* End PBXBuildFile section */

/* Begin PBXFileReference section */
		5BA8B1F21F366F8200EAD450 /* BirthdayDatePicker.swift */ = {isa = PBXFileReference; fileEncoding = 4; lastKnownFileType = sourcecode.swift; path = BirthdayDatePicker.swift; sourceTree = "<group>"; };
		6DBC57581F32009B00E68896 /* TextViewProject.app */ = {isa = PBXFileReference; explicitFileType = wrapper.application; includeInIndex = 0; path = TextViewProject.app; sourceTree = BUILT_PRODUCTS_DIR; };
		6DBC575B1F32009B00E68896 /* AppDelegate.swift */ = {isa = PBXFileReference; lastKnownFileType = sourcecode.swift; path = AppDelegate.swift; sourceTree = "<group>"; };
		6DBC575D1F32009B00E68896 /* ViewController.swift */ = {isa = PBXFileReference; lastKnownFileType = sourcecode.swift; path = ViewController.swift; sourceTree = "<group>"; };
		6DBC57601F32009B00E68896 /* Base */ = {isa = PBXFileReference; lastKnownFileType = file.storyboard; name = Base; path = Base.lproj/Main.storyboard; sourceTree = "<group>"; };
		6DBC57621F32009B00E68896 /* Assets.xcassets */ = {isa = PBXFileReference; lastKnownFileType = folder.assetcatalog; path = Assets.xcassets; sourceTree = "<group>"; };
		6DBC57651F32009B00E68896 /* Base */ = {isa = PBXFileReference; lastKnownFileType = file.storyboard; name = Base; path = Base.lproj/LaunchScreen.storyboard; sourceTree = "<group>"; };
		6DBC57671F32009B00E68896 /* Info.plist */ = {isa = PBXFileReference; lastKnownFileType = text.plist.xml; path = Info.plist; sourceTree = "<group>"; };
		6DBC576E1F32045E00E68896 /* GenderTextField.swift */ = {isa = PBXFileReference; fileEncoding = 4; lastKnownFileType = sourcecode.swift; path = GenderTextField.swift; sourceTree = "<group>"; };
/* End PBXFileReference section */

/* Begin PBXFrameworksBuildPhase section */
		6DBC57551F32009B00E68896 /* Frameworks */ = {
			isa = PBXFrameworksBuildPhase;
			buildActionMask = 2147483647;
			files = (
			);
			runOnlyForDeploymentPostprocessing = 0;
		};
/* End PBXFrameworksBuildPhase section */

/* Begin PBXGroup section */
		6DBC574F1F32009B00E68896 = {
			isa = PBXGroup;
			children = (
				6DBC575A1F32009B00E68896 /* TextViewProject */,
				6DBC57591F32009B00E68896 /* Products */,
			);
			sourceTree = "<group>";
		};
		6DBC57591F32009B00E68896 /* Products */ = {
			isa = PBXGroup;
			children = (
				6DBC57581F32009B00E68896 /* TextViewProject.app */,
			);
			name = Products;
			sourceTree = "<group>";
		};
		6DBC575A1F32009B00E68896 /* TextViewProject */ = {
			isa = PBXGroup;
			children = (
				6DBC576D1F32043800E68896 /* view */,
				6DBC575B1F32009B00E68896 /* AppDelegate.swift */,
				6DBC575D1F32009B00E68896 /* ViewController.swift */,
				6DBC575F1F32009B00E68896 /* Main.storyboard */,
				6DBC57621F32009B00E68896 /* Assets.xcassets */,
				6DBC57641F32009B00E68896 /* LaunchScreen.storyboard */,
				6DBC57671F32009B00E68896 /* Info.plist */,
			);
			path = TextViewProject;
			sourceTree = "<group>";
		};
		6DBC576D1F32043800E68896 /* view */ = {
			isa = PBXGroup;
			children = (
				6DBC576E1F32045E00E68896 /* GenderTextField.swift */,
				5BA8B1F21F366F8200EAD450 /* BirthdayDatePicker.swift */,
			);
			name = view;
			sourceTree = "<group>";
		};
/* End PBXGroup section */

/* Begin PBXNativeTarget section */
		6DBC57571F32009B00E68896 /* TextViewProject */ = {
			isa = PBXNativeTarget;
			buildConfigurationList = 6DBC576A1F32009B00E68896 /* Build configuration list for PBXNativeTarget "TextViewProject" */;
			buildPhases = (
				6DBC57541F32009B00E68896 /* Sources */,
				6DBC57551F32009B00E68896 /* Frameworks */,
				6DBC57561F32009B00E68896 /* Resources */,
			);
			buildRules = (
			);
			dependencies = (
			);
			name = TextViewProject;
			productName = TextViewProject;
			productReference = 6DBC57581F32009B00E68896 /* TextViewProject.app */;
			productType = "com.apple.product-type.application";
		};
/* End PBXNativeTarget section */

/* Begin PBXProject section */
		6DBC57501F32009B00E68896 /* Project object */ = {
			isa = PBXProject;
			attributes = {
				LastSwiftUpdateCheck = 0830;
				LastUpgradeCheck = 0830;
				ORGANIZATIONNAME = com.hackeru;
				TargetAttributes = {
					6DBC57571F32009B00E68896 = {
						CreatedOnToolsVersion = 8.3.3;
						ProvisioningStyle = Automatic;
					};
				};
			};
			buildConfigurationList = 6DBC57531F32009B00E68896 /* Build configuration list for PBXProject "TextViewProject" */;
			compatibilityVersion = "Xcode 3.2";
			developmentRegion = English;
			hasScannedForEncodings = 0;
			knownRegions = (
				en,
				Base,
			);
			mainGroup = 6DBC574F1F32009B00E68896;
			productRefGroup = 6DBC57591F32009B00E68896 /* Products */;
			projectDirPath = "";
			projectRoot = "";
			targets = (
				6DBC57571F32009B00E68896 /* TextViewProject */,
			);
		};
/* End PBXProject section */

/* Begin PBXResourcesBuildPhase section */
		6DBC57561F32009B00E68896 /* Resources */ = {
			isa = PBXResourcesBuildPhase;
			buildActionMask = 2147483647;
			files = (
				6DBC57661F32009B00E68896 /* LaunchScreen.storyboard in Resources */,
				6DBC57631F32009B00E68896 /* Assets.xcassets in Resources */,
				6DBC57611F32009B00E68896 /* Main.storyboard in Resources */,
			);
			runOnlyForDeploymentPostprocessing = 0;
		};
/* End PBXResourcesBuildPhase section */

/* Begin PBXSourcesBuildPhase section */
		6DBC57541F32009B00E68896 /* Sources */ = {
			isa = PBXSourcesBuildPhase;
			buildActionMask = 2147483647;
			files = (
				6DBC575E1F32009B00E68896 /* ViewController.swift in Sources */,
				6DBC576F1F32045E00E68896 /* GenderTextField.swift in Sources */,
				5BA8B1F31F366F8200EAD450 /* BirthdayDatePicker.swift in Sources */,
				6DBC575C1F32009B00E68896 /* AppDelegate.swift in Sources */,
			);
			runOnlyForDeploymentPostprocessing = 0;
		};
/* End PBXSourcesBuildPhase section */

/* Begin PBXVariantGroup section */
		6DBC575F1F32009B00E68896 /* Main.storyboard */ = {
			isa = PBXVariantGroup;
			children = (
				6DBC57601F32009B00E68896 /* Base */,
			);
			name = Main.storyboard;
			sourceTree = "<group>";
		};
		6DBC57641F32009B00E68896 /* LaunchScreen.storyboard */ = {
			isa = PBXVariantGroup;
			children = (
				6DBC57651F32009B00E68896 /* Base */,
			);
			name = LaunchScreen.storyboard;
			sourceTree = "<group>";
		};
/* End PBXVariantGroup section */

/* Begin XCBuildConfiguration section */
		6DBC57681F32009B00E68896 /* Debug */ = {
			isa = XCBuildConfiguration;
			buildSettings = {
				ALWAYS_SEARCH_USER_PATHS = NO;
				CLANG_ANALYZER_NONNULL = YES;
				CLANG_ANALYZER_NUMBER_OBJECT_CONVERSION = YES_AGGRESSIVE;
				CLANG_CXX_LANGUAGE_STANDARD = "gnu++0x";
				CLANG_CXX_LIBRARY = "libc++";
				CLANG_ENABLE_MODULES = YES;
				CLANG_ENABLE_OBJC_ARC = YES;
				CLANG_WARN_BOOL_CONVERSION = YES;
				CLANG_WARN_CONSTANT_CONVERSION = YES;
				CLANG_WARN_DIRECT_OBJC_ISA_USAGE = YES_ERROR;
				CLANG_WARN_DOCUMENTATION_COMMENTS = YES;
				CLANG_WARN_EMPTY_BODY = YES;
				CLANG_WARN_ENUM_CONVERSION = YES;
				CLANG_WARN_INFINITE_RECURSION = YES;
				CLANG_WARN_INT_CONVERSION = YES;
				CLANG_WARN_OBJC_ROOT_CLASS = YES_ERROR;
				CLANG_WARN_SUSPICIOUS_MOVE = YES;
				CLANG_WARN_UNREACHABLE_CODE = YES;
				CLANG_WARN__DUPLICATE_METHOD_MATCH = YES;
				"CODE_SIGN_IDENTITY[sdk=iphoneos*]" = "iPhone Developer";
				COPY_PHASE_STRIP = NO;
				DEBUG_INFORMATION_FORMAT = dwarf;
				ENABLE_STRICT_OBJC_MSGSEND = YES;
				ENABLE_TESTABILITY = YES;
				GCC_C_LANGUAGE_STANDARD = gnu99;
				GCC_DYNAMIC_NO_PIC = NO;
				GCC_NO_COMMON_BLOCKS = YES;
				GCC_OPTIMIZATION_LEVEL = 0;
				GCC_PREPROCESSOR_DEFINITIONS = (
					"DEBUG=1",
					"$(inherited)",
				);
				GCC_WARN_64_TO_32_BIT_CONVERSION = YES;
				GCC_WARN_ABOUT_RETURN_TYPE = YES_ERROR;
				GCC_WARN_UNDECLARED_SELECTOR = YES;
				GCC_WARN_UNINITIALIZED_AUTOS = YES_AGGRESSIVE;
				GCC_WARN_UNUSED_FUNCTION = YES;
				GCC_WARN_UNUSED_VARIABLE = YES;
				IPHONEOS_DEPLOYMENT_TARGET = 10.3;
				MTL_ENABLE_DEBUG_INFO = YES;
				ONLY_ACTIVE_ARCH = YES;
				SDKROOT = iphoneos;
				SWIFT_ACTIVE_COMPILATION_CONDITIONS = DEBUG;
				SWIFT_OPTIMIZATION_LEVEL = "-Onone";
			};
			name = Debug;
		};
		6DBC57691F32009B00E68896 /* Release */ = {
			isa = XCBuildConfiguration;
			buildSettings = {
				ALWAYS_SEARCH_USER_PATHS = NO;
				CLANG_ANALYZER_NONNULL = YES;
				CLANG_ANALYZER_NUMBER_OBJECT_CONVERSION = YES_AGGRESSIVE;
				CLANG_CXX_LANGUAGE_STANDARD = "gnu++0x";
				CLANG_CXX_LIBRARY = "libc++";
				CLANG_ENABLE_MODULES = YES;
				CLANG_ENABLE_OBJC_ARC = YES;
				CLANG_WARN_BOOL_CONVERSION = YES;
				CLANG_WARN_CONSTANT_CONVERSION = YES;
				CLANG_WARN_DIRECT_OBJC_ISA_USAGE = YES_ERROR;
				CLANG_WARN_DOCUMENTATION_COMMENTS = YES;
				CLANG_WARN_EMPTY_BODY = YES;
				CLANG_WARN_ENUM_CONVERSION = YES;
				CLANG_WARN_INFINITE_RECURSION = YES;
				CLANG_WARN_INT_CONVERSION = YES;
				CLANG_WARN_OBJC_ROOT_CLASS = YES_ERROR;
				CLANG_WARN_SUSPICIOUS_MOVE = YES;
				CLANG_WARN_UNREACHABLE_CODE = YES;
				CLANG_WARN__DUPLICATE_METHOD_MATCH = YES;
				"CODE_SIGN_IDENTITY[sdk=iphoneos*]" = "iPhone Developer";
				COPY_PHASE_STRIP = NO;
				DEBUG_INFORMATION_FORMAT = "dwarf-with-dsym";
				ENABLE_NS_ASSERTIONS = NO;
				ENABLE_STRICT_OBJC_MSGSEND = YES;
				GCC_C_LANGUAGE_STANDARD = gnu99;
				GCC_NO_COMMON_BLOCKS = YES;
				GCC_WARN_64_TO_32_BIT_CONVERSION = YES;
				GCC_WARN_ABOUT_RETURN_TYPE = YES_ERROR;
				GCC_WARN_UNDECLARED_SELECTOR = YES;
				GCC_WARN_UNINITIALIZED_AUTOS = YES_AGGRESSIVE;
				GCC_WARN_UNUSED_FUNCTION = YES;
				GCC_WARN_UNUSED_VARIABLE = YES;
				IPHONEOS_DEPLOYMENT_TARGET = 10.3;
				MTL_ENABLE_DEBUG_INFO = NO;
				SDKROOT = iphoneos;
				SWIFT_OPTIMIZATION_LEVEL = "-Owholemodule";
				VALIDATE_PRODUCT = YES;
			};
			name = Release;
		};
		6DBC576B1F32009B00E68896 /* Debug */ = {
			isa = XCBuildConfiguration;
			buildSettings = {
				ASSETCATALOG_COMPILER_APPICON_NAME = AppIcon;
				INFOPLIST_FILE = TextViewProject/Info.plist;
				LD_RUNPATH_SEARCH_PATHS = "$(inherited) @executable_path/Frameworks";
				PRODUCT_BUNDLE_IDENTIFIER = com.hackeru.TextViewProject;
				PRODUCT_NAME = "$(TARGET_NAME)";
				SWIFT_VERSION = 3.0;
			};
			name = Debug;
		};
		6DBC576C1F32009B00E68896 /* Release */ = {
			isa = XCBuildConfiguration;
			buildSettings = {
				ASSETCATALOG_COMPILER_APPICON_NAME = AppIcon;
				INFOPLIST_FILE = TextViewProject/Info.plist;
				LD_RUNPATH_SEARCH_PATHS = "$(inherited) @executable_path/Frameworks";
				PRODUCT_BUNDLE_IDENTIFIER = com.hackeru.TextViewProject;
				PRODUCT_NAME = "$(TARGET_NAME)";
				SWIFT_VERSION = 3.0;
			};
			name = Release;
		};
/* End XCBuildConfiguration section */

/* Begin XCConfigurationList section */
		6DBC57531F32009B00E68896 /* Build configuration list for PBXProject "TextViewProject" */ = {
			isa = XCConfigurationList;
			buildConfigurations = (
				6DBC57681F32009B00E68896 /* Debug */,
				6DBC57691F32009B00E68896 /* Release */,
			);
			defaultConfigurationIsVisible = 0;
			defaultConfigurationName = Release;
		};
		6DBC576A1F32009B00E68896 /* Build configuration list for PBXNativeTarget "TextViewProject" */ = {
			isa = XCConfigurationList;
			buildConfigurations = (
				6DBC576B1F32009B00E68896 /* Debug */,
				6DBC576C1F32009B00E68896 /* Release */,
			);
			defaultConfigurationIsVisible = 0;
			defaultConfigurationName = Release;
		};
/* End XCConfigurationList section */
	};
	rootObject = 6DBC57501F32009B00E68896 /* Project object */;
}
