// !$*UTF8*$!
{
	archiveVersion = 1;
	classes = {
	};
	objectVersion = 46;
	objects = {

/* Begin PBXBuildFile section */
		6D8DD9D81F1259B7006CB6DA /* AppDelegate.swift in Sources */ = {isa = PBXBuildFile; fileRef = 6D8DD9D71F1259B7006CB6DA /* AppDelegate.swift */; };
		6D8DD9DD1F1259B7006CB6DA /* Main.storyboard in Resources */ = {isa = PBXBuildFile; fileRef = 6D8DD9DB1F1259B7006CB6DA /* Main.storyboard */; };
		6D8DD9DF1F1259B7006CB6DA /* Assets.xcassets in Resources */ = {isa = PBXBuildFile; fileRef = 6D8DD9DE1F1259B7006CB6DA /* Assets.xcassets */; };
		6D8DD9E21F1259B7006CB6DA /* LaunchScreen.storyboard in Resources */ = {isa = PBXBuildFile; fileRef = 6D8DD9E01F1259B7006CB6DA /* LaunchScreen.storyboard */; };
		6D8DD9EA1F125F28006CB6DA /* MainViewController.swift in Sources */ = {isa = PBXBuildFile; fileRef = 6D8DD9E91F125F28006CB6DA /* MainViewController.swift */; };
/* End PBXBuildFile section */

/* Begin PBXFileReference section */
		6D8DD9D41F1259B7006CB6DA /* ChildViewControllersProject.app */ = {isa = PBXFileReference; explicitFileType = wrapper.application; includeInIndex = 0; path = ChildViewControllersProject.app; sourceTree = BUILT_PRODUCTS_DIR; };
		6D8DD9D71F1259B7006CB6DA /* AppDelegate.swift */ = {isa = PBXFileReference; lastKnownFileType = sourcecode.swift; path = AppDelegate.swift; sourceTree = "<group>"; };
		6D8DD9DC1F1259B7006CB6DA /* Base */ = {isa = PBXFileReference; lastKnownFileType = file.storyboard; name = Base; path = Base.lproj/Main.storyboard; sourceTree = "<group>"; };
		6D8DD9DE1F1259B7006CB6DA /* Assets.xcassets */ = {isa = PBXFileReference; lastKnownFileType = folder.assetcatalog; path = Assets.xcassets; sourceTree = "<group>"; };
		6D8DD9E11F1259B7006CB6DA /* Base */ = {isa = PBXFileReference; lastKnownFileType = file.storyboard; name = Base; path = Base.lproj/LaunchScreen.storyboard; sourceTree = "<group>"; };
		6D8DD9E31F1259B7006CB6DA /* Info.plist */ = {isa = PBXFileReference; lastKnownFileType = text.plist.xml; path = Info.plist; sourceTree = "<group>"; };
		6D8DD9E91F125F28006CB6DA /* MainViewController.swift */ = {isa = PBXFileReference; fileEncoding = 4; lastKnownFileType = sourcecode.swift; path = MainViewController.swift; sourceTree = "<group>"; };
/* End PBXFileReference section */

/* Begin PBXFrameworksBuildPhase section */
		6D8DD9D11F1259B7006CB6DA /* Frameworks */ = {
			isa = PBXFrameworksBuildPhase;
			buildActionMask = 2147483647;
			files = (
			);
			runOnlyForDeploymentPostprocessing = 0;
		};
/* End PBXFrameworksBuildPhase section */

/* Begin PBXGroup section */
		6D8DD9CB1F1259B7006CB6DA = {
			isa = PBXGroup;
			children = (
				6D8DD9D61F1259B7006CB6DA /* ChildViewControllersProject */,
				6D8DD9D51F1259B7006CB6DA /* Products */,
			);
			sourceTree = "<group>";
		};
		6D8DD9D51F1259B7006CB6DA /* Products */ = {
			isa = PBXGroup;
			children = (
				6D8DD9D41F1259B7006CB6DA /* ChildViewControllersProject.app */,
			);
			name = Products;
			sourceTree = "<group>";
		};
		6D8DD9D61F1259B7006CB6DA /* ChildViewControllersProject */ = {
			isa = PBXGroup;
			children = (
				6D8DD9D71F1259B7006CB6DA /* AppDelegate.swift */,
				6D8DD9E91F125F28006CB6DA /* MainViewController.swift */,
				6D8DD9DB1F1259B7006CB6DA /* Main.storyboard */,
				6D8DD9DE1F1259B7006CB6DA /* Assets.xcassets */,
				6D8DD9E01F1259B7006CB6DA /* LaunchScreen.storyboard */,
				6D8DD9E31F1259B7006CB6DA /* Info.plist */,
			);
			path = ChildViewControllersProject;
			sourceTree = "<group>";
		};
/* End PBXGroup section */

/* Begin PBXNativeTarget section */
		6D8DD9D31F1259B7006CB6DA /* ChildViewControllersProject */ = {
			isa = PBXNativeTarget;
			buildConfigurationList = 6D8DD9E61F1259B7006CB6DA /* Build configuration list for PBXNativeTarget "ChildViewControllersProject" */;
			buildPhases = (
				6D8DD9D01F1259B7006CB6DA /* Sources */,
				6D8DD9D11F1259B7006CB6DA /* Frameworks */,
				6D8DD9D21F1259B7006CB6DA /* Resources */,
			);
			buildRules = (
			);
			dependencies = (
			);
			name = ChildViewControllersProject;
			productName = ChildViewControllersProject;
			productReference = 6D8DD9D41F1259B7006CB6DA /* ChildViewControllersProject.app */;
			productType = "com.apple.product-type.application";
		};
/* End PBXNativeTarget section */

/* Begin PBXProject section */
		6D8DD9CC1F1259B7006CB6DA /* Project object */ = {
			isa = PBXProject;
			attributes = {
				LastSwiftUpdateCheck = 0820;
				LastUpgradeCheck = 0820;
				ORGANIZATIONNAME = Leah;
				TargetAttributes = {
					6D8DD9D31F1259B7006CB6DA = {
						CreatedOnToolsVersion = 8.2.1;
						ProvisioningStyle = Automatic;
					};
				};
			};
			buildConfigurationList = 6D8DD9CF1F1259B7006CB6DA /* Build configuration list for PBXProject "ChildViewControllersProject" */;
			compatibilityVersion = "Xcode 3.2";
			developmentRegion = English;
			hasScannedForEncodings = 0;
			knownRegions = (
				en,
				Base,
			);
			mainGroup = 6D8DD9CB1F1259B7006CB6DA;
			productRefGroup = 6D8DD9D51F1259B7006CB6DA /* Products */;
			projectDirPath = "";
			projectRoot = "";
			targets = (
				6D8DD9D31F1259B7006CB6DA /* ChildViewControllersProject */,
			);
		};
/* End PBXProject section */

/* Begin PBXResourcesBuildPhase section */
		6D8DD9D21F1259B7006CB6DA /* Resources */ = {
			isa = PBXResourcesBuildPhase;
			buildActionMask = 2147483647;
			files = (
				6D8DD9E21F1259B7006CB6DA /* LaunchScreen.storyboard in Resources */,
				6D8DD9DF1F1259B7006CB6DA /* Assets.xcassets in Resources */,
				6D8DD9DD1F1259B7006CB6DA /* Main.storyboard in Resources */,
			);
			runOnlyForDeploymentPostprocessing = 0;
		};
/* End PBXResourcesBuildPhase section */

/* Begin PBXSourcesBuildPhase section */
		6D8DD9D01F1259B7006CB6DA /* Sources */ = {
			isa = PBXSourcesBuildPhase;
			buildActionMask = 2147483647;
			files = (
				6D8DD9D81F1259B7006CB6DA /* AppDelegate.swift in Sources */,
				6D8DD9EA1F125F28006CB6DA /* MainViewController.swift in Sources */,
			);
			runOnlyForDeploymentPostprocessing = 0;
		};
/* End PBXSourcesBuildPhase section */

/* Begin PBXVariantGroup section */
		6D8DD9DB1F1259B7006CB6DA /* Main.storyboard */ = {
			isa = PBXVariantGroup;
			children = (
				6D8DD9DC1F1259B7006CB6DA /* Base */,
			);
			name = Main.storyboard;
			sourceTree = "<group>";
		};
		6D8DD9E01F1259B7006CB6DA /* LaunchScreen.storyboard */ = {
			isa = PBXVariantGroup;
			children = (
				6D8DD9E11F1259B7006CB6DA /* Base */,
			);
			name = LaunchScreen.storyboard;
			sourceTree = "<group>";
		};
/* End PBXVariantGroup section */

/* Begin XCBuildConfiguration section */
		6D8DD9E41F1259B7006CB6DA /* Debug */ = {
			isa = XCBuildConfiguration;
			buildSettings = {
				ALWAYS_SEARCH_USER_PATHS = NO;
				CLANG_ANALYZER_NONNULL = YES;
				CLANG_CXX_LANGUAGE_STANDARD = "gnu++0x";
				CLANG_CXX_LIBRARY = "libc++";
				CLANG_ENABLE_MODULES = YES;
				CLANG_ENABLE_OBJC_ARC = YES;
				CLANG_WARN_BOOL_CONVERSION = YES;
				CLANG_WARN_CONSTANT_CONVERSION = YES;
				CLANG_WARN_DIRECT_OBJC_ISA_USAGE = YES_ERROR;
				CLANG_WARN_DOCUMENTATION_COMMENTS = YES;
				CLANG_WARN_EMPTY_BODY = YES;
				CLANG_WARN_ENUM_CONVERSION = YES;
				CLANG_WARN_INFINITE_RECURSION = YES;
				CLANG_WARN_INT_CONVERSION = YES;
				CLANG_WARN_OBJC_ROOT_CLASS = YES_ERROR;
				CLANG_WARN_SUSPICIOUS_MOVE = YES;
				CLANG_WARN_UNREACHABLE_CODE = YES;
				CLANG_WARN__DUPLICATE_METHOD_MATCH = YES;
				"CODE_SIGN_IDENTITY[sdk=iphoneos*]" = "iPhone Developer";
				COPY_PHASE_STRIP = NO;
				DEBUG_INFORMATION_FORMAT = dwarf;
				ENABLE_STRICT_OBJC_MSGSEND = YES;
				ENABLE_TESTABILITY = YES;
				GCC_C_LANGUAGE_STANDARD = gnu99;
				GCC_DYNAMIC_NO_PIC = NO;
				GCC_NO_COMMON_BLOCKS = YES;
				GCC_OPTIMIZATION_LEVEL = 0;
				GCC_PREPROCESSOR_DEFINITIONS = (
					"DEBUG=1",
					"$(inherited)",
				);
				GCC_WARN_64_TO_32_BIT_CONVERSION = YES;
				GCC_WARN_ABOUT_RETURN_TYPE = YES_ERROR;
				GCC_WARN_UNDECLARED_SELECTOR = YES;
				GCC_WARN_UNINITIALIZED_AUTOS = YES_AGGRESSIVE;
				GCC_WARN_UNUSED_FUNCTION = YES;
				GCC_WARN_UNUSED_VARIABLE = YES;
				IPHONEOS_DEPLOYMENT_TARGET = 10.2;
				MTL_ENABLE_DEBUG_INFO = YES;
				ONLY_ACTIVE_ARCH = YES;
				SDKROOT = iphoneos;
				SWIFT_ACTIVE_COMPILATION_CONDITIONS = DEBUG;
				SWIFT_OPTIMIZATION_LEVEL = "-Onone";
			};
			name = Debug;
		};
		6D8DD9E51F1259B7006CB6DA /* Release */ = {
			isa = XCBuildConfiguration;
			buildSettings = {
				ALWAYS_SEARCH_USER_PATHS = NO;
				CLANG_ANALYZER_NONNULL = YES;
				CLANG_CXX_LANGUAGE_STANDARD = "gnu++0x";
				CLANG_CXX_LIBRARY = "libc++";
				CLANG_ENABLE_MODULES = YES;
				CLANG_ENABLE_OBJC_ARC = YES;
				CLANG_WARN_BOOL_CONVERSION = YES;
				CLANG_WARN_CONSTANT_CONVERSION = YES;
				CLANG_WARN_DIRECT_OBJC_ISA_USAGE = YES_ERROR;
				CLANG_WARN_DOCUMENTATION_COMMENTS = YES;
				CLANG_WARN_EMPTY_BODY = YES;
				CLANG_WARN_ENUM_CONVERSION = YES;
				CLANG_WARN_INFINITE_RECURSION = YES;
				CLANG_WARN_INT_CONVERSION = YES;
				CLANG_WARN_OBJC_ROOT_CLASS = YES_ERROR;
				CLANG_WARN_SUSPICIOUS_MOVE = YES;
				CLANG_WARN_UNREACHABLE_CODE = YES;
				CLANG_WARN__DUPLICATE_METHOD_MATCH = YES;
				"CODE_SIGN_IDENTITY[sdk=iphoneos*]" = "iPhone Developer";
				COPY_PHASE_STRIP = NO;
				DEBUG_INFORMATION_FORMAT = "dwarf-with-dsym";
				ENABLE_NS_ASSERTIONS = NO;
				ENABLE_STRICT_OBJC_MSGSEND = YES;
				GCC_C_LANGUAGE_STANDARD = gnu99;
				GCC_NO_COMMON_BLOCKS = YES;
				GCC_WARN_64_TO_32_BIT_CONVERSION = YES;
				GCC_WARN_ABOUT_RETURN_TYPE = YES_ERROR;
				GCC_WARN_UNDECLARED_SELECTOR = YES;
				GCC_WARN_UNINITIALIZED_AUTOS = YES_AGGRESSIVE;
				GCC_WARN_UNUSED_FUNCTION = YES;
				GCC_WARN_UNUSED_VARIABLE = YES;
				IPHONEOS_DEPLOYMENT_TARGET = 10.2;
				MTL_ENABLE_DEBUG_INFO = NO;
				SDKROOT = iphoneos;
				SWIFT_OPTIMIZATION_LEVEL = "-Owholemodule";
				VALIDATE_PRODUCT = YES;
			};
			name = Release;
		};
		6D8DD9E71F1259B7006CB6DA /* Debug */ = {
			isa = XCBuildConfiguration;
			buildSettings = {
				ASSETCATALOG_COMPILER_APPICON_NAME = AppIcon;
				INFOPLIST_FILE = ChildViewControllersProject/Info.plist;
				LD_RUNPATH_SEARCH_PATHS = "$(inherited) @executable_path/Frameworks";
				PRODUCT_BUNDLE_IDENTIFIER = Leah.ChildViewControllersProject;
				PRODUCT_NAME = "$(TARGET_NAME)";
				SWIFT_VERSION = 3.0;
			};
			name = Debug;
		};
		6D8DD9E81F1259B7006CB6DA /* Release */ = {
			isa = XCBuildConfiguration;
			buildSettings = {
				ASSETCATALOG_COMPILER_APPICON_NAME = AppIcon;
				INFOPLIST_FILE = ChildViewControllersProject/Info.plist;
				LD_RUNPATH_SEARCH_PATHS = "$(inherited) @executable_path/Frameworks";
				PRODUCT_BUNDLE_IDENTIFIER = Leah.ChildViewControllersProject;
				PRODUCT_NAME = "$(TARGET_NAME)";
				SWIFT_VERSION = 3.0;
			};
			name = Release;
		};
/* End XCBuildConfiguration section */

/* Begin XCConfigurationList section */
		6D8DD9CF1F1259B7006CB6DA /* Build configuration list for PBXProject "ChildViewControllersProject" */ = {
			isa = XCConfigurationList;
			buildConfigurations = (
				6D8DD9E41F1259B7006CB6DA /* Debug */,
				6D8DD9E51F1259B7006CB6DA /* Release */,
			);
			defaultConfigurationIsVisible = 0;
			defaultConfigurationName = Release;
		};
		6D8DD9E61F1259B7006CB6DA /* Build configuration list for PBXNativeTarget "ChildViewControllersProject" */ = {
			isa = XCConfigurationList;
			buildConfigurations = (
				6D8DD9E71F1259B7006CB6DA /* Debug */,
				6D8DD9E81F1259B7006CB6DA /* Release */,
			);
			defaultConfigurationIsVisible = 0;
			defaultConfigurationName = Release;
		};
/* End XCConfigurationList section */
	};
	rootObject = 6D8DD9CC1F1259B7006CB6DA /* Project object */;
}
